
Microsoft Visual Studio Solution File, Format Version 12.00
# Visual Studio Version 16
VisualStudioVersion = 16.0.29613.14
MinimumVisualStudioVersion = 10.0.40219.1
Project("{FAE04EC0-301F-11D3-BF4B-00C04F79EFBC}") = "LinkedLists", "LinkedLists\LinkedLists.csproj", "{FE8675BB-87C4-439D-9B8A-394354EFA896}"
EndProject
Project("{2150E333-8FDC-42A3-9474-1A3956D46DE8}") = "Solution Items", "Solution Items", "{60A598D4-DAB5-467A-840E-D12BCB214A98}"
EndProject
Project("{FAE04EC0-301F-11D3-BF4B-00C04F79EFBC}") = "TrieST", "TrieST\TrieST.csproj", "{CAF68553-B2F3-4D8A-8054-6F3C479BD1D5}"
EndProject
Project("{FAE04EC0-301F-11D3-BF4B-00C04F79EFBC}") = "BST", "BST\BST.csproj", "{13A88103-18FC-4F55-9AA4-AE50CD0A6C06}"
EndProject
Global
	GlobalSection(SolutionConfigurationPlatforms) = preSolution
		Debug|Any CPU = Debug|Any CPU
		Release|Any CPU = Release|Any CPU
	EndGlobalSection
	GlobalSection(ProjectConfigurationPlatforms) = postSolution
		{FE8675BB-87C4-439D-9B8A-394354EFA896}.Debug|Any CPU.ActiveCfg = Debug|Any CPU
		{FE8675BB-87C4-439D-9B8A-394354EFA896}.Debug|Any CPU.Build.0 = Debug|Any CPU
		{FE8675BB-87C4-439D-9B8A-394354EFA896}.Release|Any CPU.ActiveCfg = Release|Any CPU
		{FE8675BB-87C4-439D-9B8A-394354EFA896}.Release|Any CPU.Build.0 = Release|Any CPU
		{CAF68553-B2F3-4D8A-8054-6F3C479BD1D5}.Debug|Any CPU.ActiveCfg = Debug|Any CPU
		{CAF68553-B2F3-4D8A-8054-6F3C479BD1D5}.Debug|Any CPU.Build.0 = Debug|Any CPU
		{CAF68553-B2F3-4D8A-8054-6F3C479BD1D5}.Release|Any CPU.ActiveCfg = Release|Any CPU
		{CAF68553-B2F3-4D8A-8054-6F3C479BD1D5}.Release|Any CPU.Build.0 = Release|Any CPU
		{13A88103-18FC-4F55-9AA4-AE50CD0A6C06}.Debug|Any CPU.ActiveCfg = Debug|Any CPU
		{13A88103-18FC-4F55-9AA4-AE50CD0A6C06}.Debug|Any CPU.Build.0 = Debug|Any CPU
		{13A88103-18FC-4F55-9AA4-AE50CD0A6C06}.Release|Any CPU.ActiveCfg = Release|Any CPU
		{13A88103-18FC-4F55-9AA4-AE50CD0A6C06}.Release|Any CPU.Build.0 = Release|Any CPU
	EndGlobalSection
	GlobalSection(SolutionProperties) = preSolution
		HideSolutionNode = FALSE
	EndGlobalSection
	GlobalSection(ExtensibilityGlobals) = postSolution
		SolutionGuid = {7B24F16D-B8F7-4F52-B407-D20223DD3A44}
	EndGlobalSection
EndGlobal
