
Microsoft Visual Studio Solution File, Format Version 12.00
# Visual Studio Version 16
VisualStudioVersion = 16.0.29613.14
MinimumVisualStudioVersion = 10.0.40219.1
Project("{2150E333-8FDC-42A3-9474-1A3956D46DE8}") = "RecursionAndBackTracking", "RecursionAndBackTracking", "{714CF4CA-ABB6-4E0A-AF91-B732415AC140}"
EndProject
Project("{FAE04EC0-301F-11D3-BF4B-00C04F79EFBC}") = "PrintCombinations", "PrintCombinarions\PrintCombinations.csproj", "{78700E67-BBD3-46A7-A9D1-D20C7A6F91E3}"
EndProject
Project("{9A19103F-16F7-4668-BE54-9A1E7A4F7556}") = "Utils", "Utils\Utils.csproj", "{3E601170-DE6C-4276-8BEB-B0E57726D689}"
EndProject
Project("{FAE04EC0-301F-11D3-BF4B-00C04F79EFBC}") = "PrintPermutations", "PrintPermutations\PrintPermutations.csproj", "{8A7A7D61-535B-4F7A-A215-FD1A2810473F}"
EndProject
Project("{FAE04EC0-301F-11D3-BF4B-00C04F79EFBC}") = "CoinChangingProblem", "CoinChangingProblem\CoinChangingProblem.csproj", "{BF0BDFC3-7D65-4A67-A62E-E139F7B63A78}"
EndProject
Project("{FAE04EC0-301F-11D3-BF4B-00C04F79EFBC}") = "WordBreakProblem", "WordBreakProblem\WordBreakProblem.csproj", "{590CB435-5148-4204-94A6-D52C61AC1E21}"
EndProject
Project("{2150E333-8FDC-42A3-9474-1A3956D46DE8}") = "DynamicPrograming", "DynamicPrograming", "{126727CB-B169-4EE8-B262-52A022F068C2}"
EndProject
Project("{FAE04EC0-301F-11D3-BF4B-00C04F79EFBC}") = "NumberOfWaysToTop", "NumberOfSteps\NumberOfWaysToTop.csproj", "{835656CA-DBC7-4D3E-BDE1-EE2D8A1147F9}"
EndProject
Project("{2150E333-8FDC-42A3-9474-1A3956D46DE8}") = "Fibonacci", "Fibonacci", "{66CDF2C4-0992-4428-A23B-B59C64B38C11}"
EndProject
Project("{FAE04EC0-301F-11D3-BF4B-00C04F79EFBC}") = "FibonacciNumber", "FibonacciNumber\FibonacciNumber.csproj", "{503E7AFC-B952-4EF4-971B-6079D12AD202}"
EndProject
Project("{FAE04EC0-301F-11D3-BF4B-00C04F79EFBC}") = "NumberFactors", "NumberFactors\NumberFactors.csproj", "{FE1E4729-1DD8-4BD6-8637-C0604DB6EEC6}"
EndProject
Project("{FAE04EC0-301F-11D3-BF4B-00C04F79EFBC}") = "MinimumJumpToReachEnd", "MinimumJumpToReachEnd\MinimumJumpToReachEnd.csproj", "{85C6683B-2928-4F81-BC4B-FA49A5B607D6}"
EndProject
Project("{2150E333-8FDC-42A3-9474-1A3956D46DE8}") = "BreadthFirstSearch", "BreadthFirstSearch", "{F13F38B6-950B-444F-BF87-12B8B1C867A3}"
EndProject
Project("{FAE04EC0-301F-11D3-BF4B-00C04F79EFBC}") = "WordLadder", "WordLadder\WordLadder.csproj", "{CCE50049-197E-4459-98F0-41C27DDD0325}"
EndProject
Project("{2150E333-8FDC-42A3-9474-1A3956D46DE8}") = "LinkedLists", "LinkedLists", "{7745CA5A-77BE-439D-B0D6-D1C9B4497997}"
EndProject
Project("{FAE04EC0-301F-11D3-BF4B-00C04F79EFBC}") = "Sort012LinkedList", "Sort012LinkedList\Sort012LinkedList.csproj", "{DA3989E9-1160-4A4E-B2E0-A27BFC0CD538}"
EndProject
Project("{FAE04EC0-301F-11D3-BF4B-00C04F79EFBC}") = "OddEvenList", "OddEvenList\OddEvenList.csproj", "{EF7A2254-DC62-4E8A-9A32-B5C6C4B7DA81}"
EndProject
Project("{FAE04EC0-301F-11D3-BF4B-00C04F79EFBC}") = "ReverseLinkedList", "ReverseLinkedList\ReverseLinkedList.csproj", "{E0ED6A46-5A77-487F-B960-7F785A29D354}"
EndProject
Project("{FAE04EC0-301F-11D3-BF4B-00C04F79EFBC}") = "IsLinkListPalindrome", "IsLinkListPalindrome\IsLinkListPalindrome.csproj", "{D84CF8F0-FC5D-4C3C-A855-E493432563B5}"
EndProject
Project("{FAE04EC0-301F-11D3-BF4B-00C04F79EFBC}") = "CyclicLinkList", "CyclicLinkList\CyclicLinkList.csproj", "{54E64C2E-E0BC-47E9-8F0C-F003E41496D3}"
EndProject
Project("{FAE04EC0-301F-11D3-BF4B-00C04F79EFBC}") = "LRUCacheProblem", "LRUCache\LRUCacheProblem.csproj", "{713512DB-8DDE-4C2F-A6DE-F7877CF28515}"
EndProject
Project("{FAE04EC0-301F-11D3-BF4B-00C04F79EFBC}") = "ReverseNodesInGroupOfK", "ReverseNodesInGroupOfK\ReverseNodesInGroupOfK.csproj", "{3DAD766A-C5F4-40E1-9380-80A7C39CFA97}"
EndProject
Project("{2150E333-8FDC-42A3-9474-1A3956D46DE8}") = "BinarySearchTrees", "BinarySearchTrees", "{13C2BA73-A555-4536-9D95-2B586C5DC657}"
EndProject
Project("{FAE04EC0-301F-11D3-BF4B-00C04F79EFBC}") = "ConstructBSTFromArray", "ConstructBSTFromArray\ConstructBSTFromArray.csproj", "{3EEBB331-9902-4ED3-BB6A-B3420BEDC7E1}"
EndProject
Project("{2150E333-8FDC-42A3-9474-1A3956D46DE8}") = "BinaryTrees", "BinaryTrees", "{80BEA822-4CCB-4A2F-931B-170308C39A62}"
EndProject
Project("{FAE04EC0-301F-11D3-BF4B-00C04F79EFBC}") = "ConstructBinaryTreeFromLinkList", "ConsoleApp1\ConstructBinaryTreeFromLinkList.csproj", "{C5FB0726-E7DA-4A9D-A6E3-7F0E2869F4A6}"
EndProject
Project("{FAE04EC0-301F-11D3-BF4B-00C04F79EFBC}") = "CrackingTheCodingInterview", "CrackingTheCodingInterview\CrackingTheCodingInterview.csproj", "{793061E3-11CF-4A6C-BE97-28C8A2A6FD31}"
EndProject
Project("{2150E333-8FDC-42A3-9474-1A3956D46DE8}") = "Arrays", "Arrays", "{B69DBCD4-C8C3-480B-980D-185119BC0ACA}"
EndProject
Project("{FAE04EC0-301F-11D3-BF4B-00C04F79EFBC}") = "PartitionArray", "PartitionArray\PartitionArray.csproj", "{1A0542BD-4A95-4BA2-A127-692120264ABB}"
EndProject
Project("{FAE04EC0-301F-11D3-BF4B-00C04F79EFBC}") = "SlidingPointers", "SlidingPointers\SlidingPointers.csproj", "{9AA2AE75-C3FE-409D-A6DD-F415F839D9F4}"
EndProject
Project("{2150E333-8FDC-42A3-9474-1A3956D46DE8}") = "BinarySearch", "BinarySearch", "{42E37389-C138-4007-8121-7AFCF3C40869}"
EndProject
Project("{FAE04EC0-301F-11D3-BF4B-00C04F79EFBC}") = "SmallestElementInRotatedSortedArray", "SmallestElementInRotatedSortedArray\SmallestElementInRotatedSortedArray.csproj", "{36FB2C24-3BEB-488C-ABE7-83C88C209525}"
EndProject
Project("{FAE04EC0-301F-11D3-BF4B-00C04F79EFBC}") = "FindTargetInSortedArray", "FindTargetInSortedArray\FindTargetInSortedArray.csproj", "{4C26ED1A-D87B-42A4-B003-A3AA5633C70F}"
EndProject
Project("{FAE04EC0-301F-11D3-BF4B-00C04F79EFBC}") = "SearchFirstOccurenceOfTargetWithDuplicates", "SearchFirstOccurenceOfTargetWithDuplicates\SearchFirstOccurenceOfTargetWithDuplicates.csproj", "{1542A6AA-C365-4ADD-BC6F-B54E0A8BD555}"
EndProject
Project("{FAE04EC0-301F-11D3-BF4B-00C04F79EFBC}") = "InsertIndexInSortedArray", "InsertIndexInSortedArray\InsertIndexInSortedArray.csproj", "{780E785F-1269-4B65-B65B-669AD0DFA7DC}"
EndProject
Project("{2150E333-8FDC-42A3-9474-1A3956D46DE8}") = "Knapsack01", "Knapsack01", "{6CF2AE99-1DD8-4A15-9CA2-44EC1E5C164E}"
EndProject
Project("{FAE04EC0-301F-11D3-BF4B-00C04F79EFBC}") = "KnapSack01_1", "KnapSack01_1\KnapSack01_1.csproj", "{660500E7-44CF-455E-BBB9-BB74DADF45F3}"
EndProject
Project("{FAE04EC0-301F-11D3-BF4B-00C04F79EFBC}") = "EqualSubsetSumPartition", "EqualSubsetSumPartition\EqualSubsetSumPartition.csproj", "{564F624C-E5BE-4B7A-86D6-85EC248726DB}"
EndProject
Project("{FAE04EC0-301F-11D3-BF4B-00C04F79EFBC}") = "Eval", "Eval\Eval.csproj", "{4C9B8602-75DB-4F45-A1B7-9C4E09DA825B}"
EndProject
Project("{FAE04EC0-301F-11D3-BF4B-00C04F79EFBC}") = "MergeKSortedLists", "MergeKSortedLists\MergeKSortedLists.csproj", "{519503BE-CD49-4D24-BA75-73AE4AFF351B}"
EndProject
Project("{2150E333-8FDC-42A3-9474-1A3956D46DE8}") = "Stacks", "Stacks", "{71A11A98-D45E-4530-A904-4F35272C23B8}"
EndProject
Project("{FAE04EC0-301F-11D3-BF4B-00C04F79EFBC}") = "SimplifyPath", "SimplifyPath\SimplifyPath.csproj", "{7D6343DB-8BAC-443A-8708-1077CBAB1105}"
EndProject
Project("{FAE04EC0-301F-11D3-BF4B-00C04F79EFBC}") = "StaircaseSteps", "StaircaseSteps\StaircaseSteps.csproj", "{41C2C6BA-5C08-42AD-878E-435C90245482}"
EndProject
Project("{FAE04EC0-301F-11D3-BF4B-00C04F79EFBC}") = "MinimumJumpWithFees", "MinimumJumpWithFees\MinimumJumpWithFees.csproj", "{6A551A0F-B98A-4C29-BB13-02B009714458}"
EndProject
Project("{FAE04EC0-301F-11D3-BF4B-00C04F79EFBC}") = "HouseTheif", "HouseTheif\HouseTheif.csproj", "{E99E3947-65FD-45E7-84C1-0B87C8FC8929}"
EndProject
Project("{2150E333-8FDC-42A3-9474-1A3956D46DE8}") = "SlidingWindows", "SlidingWindows", "{EDFBF923-3988-493C-8F21-F47EE4708A3C}"
EndProject
Project("{FAE04EC0-301F-11D3-BF4B-00C04F79EFBC}") = "MinSlidingWindow", "MinSlidingWindow\MinSlidingWindow.csproj", "{1DA5B4F8-4EA2-4626-B2B4-688BF1EA4B92}"
EndProject
Project("{FAE04EC0-301F-11D3-BF4B-00C04F79EFBC}") = "FindMissingElementInSortedArray", "FindMissingElementInSortedArray\FindMissingElementInSortedArray.csproj", "{E06056FF-04B2-40D6-95AF-ABD2E97FE035}"
EndProject
Project("{2150E333-8FDC-42A3-9474-1A3956D46DE8}") = "Strings", "Strings", "{FB9D1766-A341-402B-9B20-0920AE08711F}"
EndProject
Project("{FAE04EC0-301F-11D3-BF4B-00C04F79EFBC}") = "ReadNCharactersGiveRead4", "ReadNCharactersGiveRead4\ReadNCharactersGiveRead4.csproj", "{CF59CD32-4545-4460-86AC-E3D54AA2429B}"
EndProject
Project("{FAE04EC0-301F-11D3-BF4B-00C04F79EFBC}") = "PrintLetterCombinationOfPhoneNumbers", "PrintLetterCombinationOfPhoneNumbers\PrintLetterCombinationOfPhoneNumbers.csproj", "{6D32D576-FF95-4CC3-98F3-EE75AE485E91}"
EndProject
Project("{FAE04EC0-301F-11D3-BF4B-00C04F79EFBC}") = "SubsetSum", "SubsetSum\SubsetSum.csproj", "{40625840-9E1E-4547-89B7-213C96E67BEA}"
EndProject
Project("{FAE04EC0-301F-11D3-BF4B-00C04F79EFBC}") = "MinimumSubsetSumDifference", "MinimumSubsetSumDifference\MinimumSubsetSumDifference.csproj", "{0DF48EE4-3DC2-4698-925C-F774A478BB3B}"
EndProject
Project("{2150E333-8FDC-42A3-9474-1A3956D46DE8}") = "LongestCommonSubstrings", "LongestCommonSubstrings", "{B2AFA3C7-6349-4F69-B20D-2775DE736C03}"
EndProject
Project("{FAE04EC0-301F-11D3-BF4B-00C04F79EFBC}") = "LongestCommonSubsequence", "LongestCommonSubsequence\LongestCommonSubsequence.csproj", "{E6E336E1-9452-45C9-BD88-818E8717BC50}"
EndProject
Project("{FAE04EC0-301F-11D3-BF4B-00C04F79EFBC}") = "LongesCommonSubstring", "LongesCommonSubstring\LongesCommonSubstring.csproj", "{81192DDB-10F6-4961-ACE0-F50DBD418A15}"
EndProject
Project("{2150E333-8FDC-42A3-9474-1A3956D46DE8}") = "Trie", "Trie", "{A85867ED-AD61-4393-8523-CDC2B5A6ACAC}"
EndProject
Project("{FAE04EC0-301F-11D3-BF4B-00C04F79EFBC}") = "AddAndSearchWord", "AddAndSearchWord\AddAndSearchWord.csproj", "{1B8C28C0-B3B3-4323-811F-D2CD6DF93D8F}"
EndProject
Project("{2150E333-8FDC-42A3-9474-1A3956D46DE8}") = "Graphs", "Graphs", "{01B86946-EFD5-4A87-8281-15CAFD7D68F4}"
EndProject
Project("{FAE04EC0-301F-11D3-BF4B-00C04F79EFBC}") = "AlienDictionary_TopologicalSort", "AlienDictionary_TopologicalSort\AlienDictionary_TopologicalSort.csproj", "{3BD532B8-441F-45FE-9AF0-127CE8707CBB}"
EndProject
Project("{FAE04EC0-301F-11D3-BF4B-00C04F79EFBC}") = "GoatLatin", "GoatLatin\GoatLatin.csproj", "{20EC28B1-C207-4637-B80D-530FCF442F66}"
EndProject
Project("{FAE04EC0-301F-11D3-BF4B-00C04F79EFBC}") = "VerifyAlienDictionary", "VerifyIsAlienSorted\VerifyAlienDictionary.csproj", "{A6922B85-759B-4722-BFAA-B123F7B5E189}"
EndProject
Project("{9A19103F-16F7-4668-BE54-9A1E7A4F7556}") = "GraphsImpl", "GraphsImpl\GraphsImpl.csproj", "{B0A75493-2B6A-4CE7-A7F4-3CE13E49D5E7}"
EndProject
Project("{FAE04EC0-301F-11D3-BF4B-00C04F79EFBC}") = "IsGraphBipartite", "IsGraphBipartite\IsGraphBipartite.csproj", "{DD73906A-995C-431A-9B9B-1C0DDB7340D5}"
EndProject
Project("{FAE04EC0-301F-11D3-BF4B-00C04F79EFBC}") = "FileBadVersion", "FileBadVersion\FileBadVersion.csproj", "{BD8EEB6F-8B6D-40A3-83FC-829F88B45B4F}"
EndProject
Project("{FAE04EC0-301F-11D3-BF4B-00C04F79EFBC}") = "ValidPalindrome", "ValidPalindrome\ValidPalindrome.csproj", "{CD2BD712-8D50-492C-8F22-8496FE76F288}"
EndProject
Project("{FAE04EC0-301F-11D3-BF4B-00C04F79EFBC}") = "PrintRootToLeaf", "PrintRootToLeaf\PrintRootToLeaf.csproj", "{E88FFC4E-38D3-4B58-988E-EBB869F9ECFB}"
EndProject
Project("{FAE04EC0-301F-11D3-BF4B-00C04F79EFBC}") = "MergeIntervals", "MergeIntervals\MergeIntervals.csproj", "{1BAB76BF-7CA7-46C7-BE25-EBF96E54EE87}"
EndProject
Project("{FAE04EC0-301F-11D3-BF4B-00C04F79EFBC}") = "PrintBSTInSortedOrder", "PrintBSTInSortedOrder\PrintBSTInSortedOrder.csproj", "{727674C4-178F-412F-888E-0BB51C663FA4}"
EndProject
Project("{FAE04EC0-301F-11D3-BF4B-00C04F79EFBC}") = "CreateSortedDoublyLinkedListFromBST", "CreateSortedDoublyLinkedListFromBST\CreateSortedDoublyLinkedListFromBST.csproj", "{3A0A2C8B-2F69-4F90-AED2-57C05C08CD80}"
EndProject
Project("{FAE04EC0-301F-11D3-BF4B-00C04F79EFBC}") = "WallsAndGates", "WallsAndGates\WallsAndGates.csproj", "{393331D3-7867-4AE6-9672-0479B6866361}"
EndProject
Project("{FAE04EC0-301F-11D3-BF4B-00C04F79EFBC}") = "ReorganizeStrings", "ReorganizeStrings\ReorganizeStrings.csproj", "{CB797CBC-25F7-4474-A115-F37140F937F5}"
EndProject
Project("{2150E333-8FDC-42A3-9474-1A3956D46DE8}") = "DepthFirstSearch", "DepthFirstSearch", "{2817F23F-8C36-4C55-A8F8-0273A5A9D9C8}"
EndProject
Project("{FAE04EC0-301F-11D3-BF4B-00C04F79EFBC}") = "AccountsMerge", "AccountsMerge\AccountsMerge.csproj", "{7D28310A-E9F3-4369-B653-A3E4781F7CE3}"
EndProject
Project("{FAE04EC0-301F-11D3-BF4B-00C04F79EFBC}") = "ContinuousSubarraySum", "ContinuousSubarraySum\ContinuousSubarraySum.csproj", "{AD516F90-B486-47A5-8FCB-B767CA786350}"
EndProject
Project("{FAE04EC0-301F-11D3-BF4B-00C04F79EFBC}") = "SerializeAndDeserializeBinaryTree", "SerializeAndDeserializeBinaryTree\SerializeAndDeserializeBinaryTree.csproj", "{3314EB2D-FD00-45C3-A429-11CF39ADBA41}"
EndProject
Project("{FAE04EC0-301F-11D3-BF4B-00C04F79EFBC}") = "RemoveInvalidParenthesis", "RemoveInvalidParenthesis\RemoveInvalidParenthesis.csproj", "{DB6E91C0-D7BB-4F87-9F96-2E425ED0B2B7}"
EndProject
Project("{FAE04EC0-301F-11D3-BF4B-00C04F79EFBC}") = "LongestSubstringWithKMostCharacters", "LongestSubstringWithKMostCharacters\LongestSubstringWithKMostCharacters.csproj", "{785512C0-062D-471C-A118-D4254046A7CB}"
EndProject
Project("{FAE04EC0-301F-11D3-BF4B-00C04F79EFBC}") = "InvertBinaryTree", "InvertBinaryTree\InvertBinaryTree.csproj", "{1C93E0F2-647D-4C3A-BE77-440EC1C3C56F}"
EndProject
Project("{FAE04EC0-301F-11D3-BF4B-00C04F79EFBC}") = "FindAllNumbersDisappearedInArray", "FindAllNumbersDisappearedInArray\FindAllNumbersDisappearedInArray.csproj", "{4A8B30BC-3D59-44B4-815A-5BD2D2F8C4AB}"
EndProject
Project("{FAE04EC0-301F-11D3-BF4B-00C04F79EFBC}") = "FindNumberOfPAthsWithGivenTargetSum", "FindNumberOfPAthsWithGivenTargetSum\FindNumberOfPAthsWithGivenTargetSum.csproj", "{3A92705B-8727-43FA-9921-F5324D8C524A}"
EndProject
Project("{FAE04EC0-301F-11D3-BF4B-00C04F79EFBC}") = "DailyTempratures", "DailyTempratures\DailyTempratures.csproj", "{1B4846BC-3271-4C30-83D4-A803CAA34ADD}"
EndProject
Project("{FAE04EC0-301F-11D3-BF4B-00C04F79EFBC}") = "RecursionBasics", "RecursionBasics\RecursionBasics.csproj", "{539FF671-BBC5-447D-B0F3-8CCD9E4F6EF0}"
EndProject
Project("{FAE04EC0-301F-11D3-BF4B-00C04F79EFBC}") = "FloodFill", "FloodFill\FloodFill.csproj", "{C2330A5A-FC85-486A-9427-B317D6CA6212}"
EndProject
Project("{FAE04EC0-301F-11D3-BF4B-00C04F79EFBC}") = "MostCommonWords", "MostCommonWords\MostCommonWords.csproj", "{5778B1FE-2598-46CA-BE88-E7364631F368}"
EndProject
Project("{FAE04EC0-301F-11D3-BF4B-00C04F79EFBC}") = "PalindromicSubstrings", "PalindromicSubstrings\PalindromicSubstrings.csproj", "{E9985579-2BB8-476C-96B4-B2D9652D8260}"
EndProject
Project("{FAE04EC0-301F-11D3-BF4B-00C04F79EFBC}") = "BestTimeToBuySellsStocks_2_Trades", "BestTimeToBuySellsStocks_2_Trades\BestTimeToBuySellsStocks_2_Trades.csproj", "{035428D5-4A1A-44BE-ADDD-2CD9906B1511}"
EndProject
Project("{FAE04EC0-301F-11D3-BF4B-00C04F79EFBC}") = "TwoSum", "TwoSum\TwoSum.csproj", "{7D9A95C3-3459-40F7-9876-34E95D9570CC}"
EndProject
Project("{FAE04EC0-301F-11D3-BF4B-00C04F79EFBC}") = "GetStartAndEndIndexInSortedAray", "GetStartAndEndIndexInSortedAray\GetStartAndEndIndexInSortedAray.csproj", "{D99C886C-1376-493D-8FFF-D7D6E29BE831}"
EndProject
Project("{FAE04EC0-301F-11D3-BF4B-00C04F79EFBC}") = "PermutationTry", "PermutationTry\PermutationTry.csproj", "{FE40D25D-BFC6-433F-8700-84BCB203F873}"
EndProject
Project("{2150E333-8FDC-42A3-9474-1A3956D46DE8}") = "LeetCode", "LeetCode", "{749E6D77-5F3C-4F68-8B61-0BBCF6DB3534}"
EndProject
Project("{FAE04EC0-301F-11D3-BF4B-00C04F79EFBC}") = "LC406_QueueReconstructionByHeight", "QueueReconstructionByHeight\LC406_QueueReconstructionByHeight.csproj", "{E9B3D2A8-1BE7-4C0F-94FE-579C66999B25}"
EndProject
Project("{FAE04EC0-301F-11D3-BF4B-00C04F79EFBC}") = "PythagorianTriplet", "PythagorianTriplet\PythagorianTriplet.csproj", "{058CF097-22DC-4869-AA1B-3D93E81324F6}"
EndProject
Project("{FAE04EC0-301F-11D3-BF4B-00C04F79EFBC}") = "ExpressionEvaluator", "ExpressionEvaluator\ExpressionEvaluator.csproj", "{439F62AA-78FF-4565-9424-1DE569BB66C5}"
EndProject
Project("{FAE04EC0-301F-11D3-BF4B-00C04F79EFBC}") = "NonDecreasingArray", "NonDecreasingArray\NonDecreasingArray.csproj", "{8A8CC0A9-E051-4FAA-A108-2420666C7C75}"
EndProject
Project("{2150E333-8FDC-42A3-9474-1A3956D46DE8}") = "Matrix", "Matrix", "{AEAC380A-14D3-4250-B95B-152EC8C5B660}"
EndProject
Project("{FAE04EC0-301F-11D3-BF4B-00C04F79EFBC}") = "PrintMatrix", "PrintMatrix\PrintMatrix.csproj", "{43C5A6EC-D277-4B81-804A-FC9359B79B64}"
EndProject
Project("{FAE04EC0-301F-11D3-BF4B-00C04F79EFBC}") = "RemoveKthNode", "RemoveKthNode\RemoveKthNode.csproj", "{18D371D2-495C-4499-93BA-4C381E42EB86}"
EndProject
Project("{2150E333-8FDC-42A3-9474-1A3956D46DE8}") = "Selection", "Selection", "{091DA5F6-958E-4757-B6AD-6AB80C247C2E}"
EndProject
Project("{FAE04EC0-301F-11D3-BF4B-00C04F79EFBC}") = "FindKthLargest", "FindKthLargest\FindKthLargest.csproj", "{22C259F7-B88E-4449-B77B-565B9429311F}"
EndProject
Project("{FAE04EC0-301F-11D3-BF4B-00C04F79EFBC}") = "3Sum", "3Sum\3Sum.csproj", "{9C6CF1DF-2320-4B3B-9534-03B9C2825652}"
EndProject
Project("{FAE04EC0-301F-11D3-BF4B-00C04F79EFBC}") = "UniquePaths", "UniquePaths\UniquePaths.csproj", "{F57A629D-7995-49A0-87C4-2895DFD3B4FD}"
EndProject
Project("{FAE04EC0-301F-11D3-BF4B-00C04F79EFBC}") = "GenerateParenthesis", "GenerateParenthesis\GenerateParenthesis.csproj", "{B5CA67A1-2CAE-4AE6-B6EE-C56F52D8AC61}"
EndProject
Project("{FAE04EC0-301F-11D3-BF4B-00C04F79EFBC}") = "FindNodesAtGivenLevel", "FindNodesAtGivenLevel\FindNodesAtGivenLevel.csproj", "{93E39A53-AEB3-4141-8E76-6BCDD6819AA8}"
EndProject
Project("{FAE04EC0-301F-11D3-BF4B-00C04F79EFBC}") = "GroupWordsIntoAnagrams", "GroupWordsIntoAnagrams\GroupWordsIntoAnagrams.csproj", "{DB89CF18-33CB-4C5A-AEF3-4B17B1E64E16}"
EndProject
Project("{FAE04EC0-301F-11D3-BF4B-00C04F79EFBC}") = "MinimumArraySum", "MinimumArraySum\MinimumArraySum.csproj", "{DBBF92FC-F54F-4B96-9A69-2082FB403F27}"
EndProject
Project("{FAE04EC0-301F-11D3-BF4B-00C04F79EFBC}") = "MergeListOfNumberOfRanges", "MergeListOfNumberOfRanges\MergeListOfNumberOfRanges.csproj", "{027EDF5B-1C9F-421F-8A88-36B9EB947A61}"
EndProject
Project("{2150E333-8FDC-42A3-9474-1A3956D46DE8}") = "General", "General", "{82FEB3CA-DFD3-4C57-A2E7-EE28E4777428}"
EndProject
Project("{FAE04EC0-301F-11D3-BF4B-00C04F79EFBC}") = "AnglesOfClock", "AnglesOfClock\AnglesOfClock.csproj", "{CB97B31D-5D62-49D6-9436-6B0D776E64FA}"
EndProject
Project("{FAE04EC0-301F-11D3-BF4B-00C04F79EFBC}") = "CircleOfChainedWords", "CircleOfChainedWords\CircleOfChainedWords.csproj", "{31A73F07-F156-4995-9D3B-73283229CF15}"
EndProject
Project("{FAE04EC0-301F-11D3-BF4B-00C04F79EFBC}") = "NonDecreasingSquareArray", "NonDecreasingSquareArray\NonDecreasingSquareArray.csproj", "{156B8476-E96B-4480-971C-4F7017E68E5C}"
EndProject
Project("{FAE04EC0-301F-11D3-BF4B-00C04F79EFBC}") = "ContinuousArrayToBeSorted", "ContinuousArrayToBeSorted\ContinuousArrayToBeSorted.csproj", "{CBB3A144-F01D-4650-91DF-3D94249FD337}"
EndProject
Project("{FAE04EC0-301F-11D3-BF4B-00C04F79EFBC}") = "DutchNationalProgram", "DutchNationalProgram\DutchNationalProgram.csproj", "{4D49E2D5-B027-45E8-8660-C2AEE5DBA49E}"
EndProject
Project("{FAE04EC0-301F-11D3-BF4B-00C04F79EFBC}") = "SubArrayMaxSum", "SubArrayMaxSum\SubArrayMaxSum.csproj", "{74BF4DC9-1ABC-4977-A4BD-E9CFB626FA36}"
EndProject
Project("{FAE04EC0-301F-11D3-BF4B-00C04F79EFBC}") = "LongetSubstringWithUniqueCharacters", "LongetSubstringWithUniqueCharacters\LongetSubstringWithUniqueCharacters.csproj", "{B586FB13-4157-4776-9B6B-E73A42180F0F}"
EndProject
Project("{FAE04EC0-301F-11D3-BF4B-00C04F79EFBC}") = "SubArraySumPrefixToZero", "SubArraySumPrefixToZero\SubArraySumPrefixToZero.csproj", "{0D15C308-2989-40AB-BCF7-0959053DA3A3}"
EndProject
Project("{FAE04EC0-301F-11D3-BF4B-00C04F79EFBC}") = "EvalGraphImplementations", "EvalGraphImplementations\EvalGraphImplementations.csproj", "{B271BA6A-D7F2-4F0A-BEE0-DFAF0125C556}"
EndProject
Project("{FAE04EC0-301F-11D3-BF4B-00C04F79EFBC}") = "LC862_ShortestSubArrayToMaxSum", "LC862_ShortestSubArrayToMaxSum\LC862_ShortestSubArrayToMaxSum.csproj", "{113B2FF5-92D9-48DF-A889-CC8750AA36AA}"
EndProject
Project("{2150E333-8FDC-42A3-9474-1A3956D46DE8}") = "LeetCodeHard", "LeetCodeHard", "{B9FD4757-EBEE-4F91-A146-AA4AFECAC913}"
EndProject
Project("{FAE04EC0-301F-11D3-BF4B-00C04F79EFBC}") = "LC489_RobotRoomCleaner", "LC489_RobotRoomCleaner\LC489_RobotRoomCleaner.csproj", "{11BDC6E1-15EC-40D7-8CD7-2EAA9B49D0DE}"
EndProject
Project("{FAE04EC0-301F-11D3-BF4B-00C04F79EFBC}") = "SubstringSearch", "SubstringSearch\SubstringSearch.csproj", "{A8D24CDA-1297-4899-ADC5-661811BF3435}"
EndProject
Project("{FAE04EC0-301F-11D3-BF4B-00C04F79EFBC}") = "FruitsIntoBasket", "FruitsIntoBasket\FruitsIntoBasket.csproj", "{B90991F5-4D35-448A-91BB-BED6A343231F}"
EndProject
Project("{FAE04EC0-301F-11D3-BF4B-00C04F79EFBC}") = "LongestSubstringWithNoRepeatingCharacter", "LongestSubstringWithNoRepeatingCharacter\LongestSubstringWithNoRepeatingCharacter.csproj", "{960C72B4-3977-4180-A413-38CED8E085CF}"
EndProject
Project("{FAE04EC0-301F-11D3-BF4B-00C04F79EFBC}") = "DirectedGraph", "DirectedGraph\DirectedGraph.csproj", "{4DD9564E-85BF-4A13-AFA3-D9F0FC2981B5}"
EndProject
Project("{FAE04EC0-301F-11D3-BF4B-00C04F79EFBC}") = "TopologicalSort", "TopologicalSort\TopologicalSort.csproj", "{FB0F4196-A56C-4624-8FBB-781E9C84BD82}"
EndProject
Project("{FAE04EC0-301F-11D3-BF4B-00C04F79EFBC}") = "SchedulinOrders", "SchedulinOrders\SchedulinOrders.csproj", "{84EDA1A0-4947-4615-883D-21BA9DE619D6}"
EndProject
Global
	GlobalSection(SolutionConfigurationPlatforms) = preSolution
		Debug|Any CPU = Debug|Any CPU
		Release|Any CPU = Release|Any CPU
	EndGlobalSection
	GlobalSection(ProjectConfigurationPlatforms) = postSolution
		{78700E67-BBD3-46A7-A9D1-D20C7A6F91E3}.Debug|Any CPU.ActiveCfg = Debug|Any CPU
		{78700E67-BBD3-46A7-A9D1-D20C7A6F91E3}.Debug|Any CPU.Build.0 = Debug|Any CPU
		{78700E67-BBD3-46A7-A9D1-D20C7A6F91E3}.Release|Any CPU.ActiveCfg = Release|Any CPU
		{78700E67-BBD3-46A7-A9D1-D20C7A6F91E3}.Release|Any CPU.Build.0 = Release|Any CPU
		{3E601170-DE6C-4276-8BEB-B0E57726D689}.Debug|Any CPU.ActiveCfg = Debug|Any CPU
		{3E601170-DE6C-4276-8BEB-B0E57726D689}.Debug|Any CPU.Build.0 = Debug|Any CPU
		{3E601170-DE6C-4276-8BEB-B0E57726D689}.Release|Any CPU.ActiveCfg = Release|Any CPU
		{3E601170-DE6C-4276-8BEB-B0E57726D689}.Release|Any CPU.Build.0 = Release|Any CPU
		{8A7A7D61-535B-4F7A-A215-FD1A2810473F}.Debug|Any CPU.ActiveCfg = Debug|Any CPU
		{8A7A7D61-535B-4F7A-A215-FD1A2810473F}.Debug|Any CPU.Build.0 = Debug|Any CPU
		{8A7A7D61-535B-4F7A-A215-FD1A2810473F}.Release|Any CPU.ActiveCfg = Release|Any CPU
		{8A7A7D61-535B-4F7A-A215-FD1A2810473F}.Release|Any CPU.Build.0 = Release|Any CPU
		{BF0BDFC3-7D65-4A67-A62E-E139F7B63A78}.Debug|Any CPU.ActiveCfg = Debug|Any CPU
		{BF0BDFC3-7D65-4A67-A62E-E139F7B63A78}.Debug|Any CPU.Build.0 = Debug|Any CPU
		{BF0BDFC3-7D65-4A67-A62E-E139F7B63A78}.Release|Any CPU.ActiveCfg = Release|Any CPU
		{BF0BDFC3-7D65-4A67-A62E-E139F7B63A78}.Release|Any CPU.Build.0 = Release|Any CPU
		{590CB435-5148-4204-94A6-D52C61AC1E21}.Debug|Any CPU.ActiveCfg = Debug|Any CPU
		{590CB435-5148-4204-94A6-D52C61AC1E21}.Debug|Any CPU.Build.0 = Debug|Any CPU
		{590CB435-5148-4204-94A6-D52C61AC1E21}.Release|Any CPU.ActiveCfg = Release|Any CPU
		{590CB435-5148-4204-94A6-D52C61AC1E21}.Release|Any CPU.Build.0 = Release|Any CPU
		{835656CA-DBC7-4D3E-BDE1-EE2D8A1147F9}.Debug|Any CPU.ActiveCfg = Debug|Any CPU
		{835656CA-DBC7-4D3E-BDE1-EE2D8A1147F9}.Debug|Any CPU.Build.0 = Debug|Any CPU
		{835656CA-DBC7-4D3E-BDE1-EE2D8A1147F9}.Release|Any CPU.ActiveCfg = Release|Any CPU
		{835656CA-DBC7-4D3E-BDE1-EE2D8A1147F9}.Release|Any CPU.Build.0 = Release|Any CPU
		{503E7AFC-B952-4EF4-971B-6079D12AD202}.Debug|Any CPU.ActiveCfg = Debug|Any CPU
		{503E7AFC-B952-4EF4-971B-6079D12AD202}.Debug|Any CPU.Build.0 = Debug|Any CPU
		{503E7AFC-B952-4EF4-971B-6079D12AD202}.Release|Any CPU.ActiveCfg = Release|Any CPU
		{503E7AFC-B952-4EF4-971B-6079D12AD202}.Release|Any CPU.Build.0 = Release|Any CPU
		{FE1E4729-1DD8-4BD6-8637-C0604DB6EEC6}.Debug|Any CPU.ActiveCfg = Debug|Any CPU
		{FE1E4729-1DD8-4BD6-8637-C0604DB6EEC6}.Debug|Any CPU.Build.0 = Debug|Any CPU
		{FE1E4729-1DD8-4BD6-8637-C0604DB6EEC6}.Release|Any CPU.ActiveCfg = Release|Any CPU
		{FE1E4729-1DD8-4BD6-8637-C0604DB6EEC6}.Release|Any CPU.Build.0 = Release|Any CPU
		{85C6683B-2928-4F81-BC4B-FA49A5B607D6}.Debug|Any CPU.ActiveCfg = Debug|Any CPU
		{85C6683B-2928-4F81-BC4B-FA49A5B607D6}.Debug|Any CPU.Build.0 = Debug|Any CPU
		{85C6683B-2928-4F81-BC4B-FA49A5B607D6}.Release|Any CPU.ActiveCfg = Release|Any CPU
		{85C6683B-2928-4F81-BC4B-FA49A5B607D6}.Release|Any CPU.Build.0 = Release|Any CPU
		{CCE50049-197E-4459-98F0-41C27DDD0325}.Debug|Any CPU.ActiveCfg = Debug|Any CPU
		{CCE50049-197E-4459-98F0-41C27DDD0325}.Debug|Any CPU.Build.0 = Debug|Any CPU
		{CCE50049-197E-4459-98F0-41C27DDD0325}.Release|Any CPU.ActiveCfg = Release|Any CPU
		{CCE50049-197E-4459-98F0-41C27DDD0325}.Release|Any CPU.Build.0 = Release|Any CPU
		{DA3989E9-1160-4A4E-B2E0-A27BFC0CD538}.Debug|Any CPU.ActiveCfg = Debug|Any CPU
		{DA3989E9-1160-4A4E-B2E0-A27BFC0CD538}.Debug|Any CPU.Build.0 = Debug|Any CPU
		{DA3989E9-1160-4A4E-B2E0-A27BFC0CD538}.Release|Any CPU.ActiveCfg = Release|Any CPU
		{DA3989E9-1160-4A4E-B2E0-A27BFC0CD538}.Release|Any CPU.Build.0 = Release|Any CPU
		{EF7A2254-DC62-4E8A-9A32-B5C6C4B7DA81}.Debug|Any CPU.ActiveCfg = Debug|Any CPU
		{EF7A2254-DC62-4E8A-9A32-B5C6C4B7DA81}.Debug|Any CPU.Build.0 = Debug|Any CPU
		{EF7A2254-DC62-4E8A-9A32-B5C6C4B7DA81}.Release|Any CPU.ActiveCfg = Release|Any CPU
		{EF7A2254-DC62-4E8A-9A32-B5C6C4B7DA81}.Release|Any CPU.Build.0 = Release|Any CPU
		{E0ED6A46-5A77-487F-B960-7F785A29D354}.Debug|Any CPU.ActiveCfg = Debug|Any CPU
		{E0ED6A46-5A77-487F-B960-7F785A29D354}.Debug|Any CPU.Build.0 = Debug|Any CPU
		{E0ED6A46-5A77-487F-B960-7F785A29D354}.Release|Any CPU.ActiveCfg = Release|Any CPU
		{E0ED6A46-5A77-487F-B960-7F785A29D354}.Release|Any CPU.Build.0 = Release|Any CPU
		{D84CF8F0-FC5D-4C3C-A855-E493432563B5}.Debug|Any CPU.ActiveCfg = Debug|Any CPU
		{D84CF8F0-FC5D-4C3C-A855-E493432563B5}.Debug|Any CPU.Build.0 = Debug|Any CPU
		{D84CF8F0-FC5D-4C3C-A855-E493432563B5}.Release|Any CPU.ActiveCfg = Release|Any CPU
		{D84CF8F0-FC5D-4C3C-A855-E493432563B5}.Release|Any CPU.Build.0 = Release|Any CPU
		{54E64C2E-E0BC-47E9-8F0C-F003E41496D3}.Debug|Any CPU.ActiveCfg = Debug|Any CPU
		{54E64C2E-E0BC-47E9-8F0C-F003E41496D3}.Debug|Any CPU.Build.0 = Debug|Any CPU
		{54E64C2E-E0BC-47E9-8F0C-F003E41496D3}.Release|Any CPU.ActiveCfg = Release|Any CPU
		{54E64C2E-E0BC-47E9-8F0C-F003E41496D3}.Release|Any CPU.Build.0 = Release|Any CPU
		{713512DB-8DDE-4C2F-A6DE-F7877CF28515}.Debug|Any CPU.ActiveCfg = Debug|Any CPU
		{713512DB-8DDE-4C2F-A6DE-F7877CF28515}.Debug|Any CPU.Build.0 = Debug|Any CPU
		{713512DB-8DDE-4C2F-A6DE-F7877CF28515}.Release|Any CPU.ActiveCfg = Release|Any CPU
		{713512DB-8DDE-4C2F-A6DE-F7877CF28515}.Release|Any CPU.Build.0 = Release|Any CPU
		{3DAD766A-C5F4-40E1-9380-80A7C39CFA97}.Debug|Any CPU.ActiveCfg = Debug|Any CPU
		{3DAD766A-C5F4-40E1-9380-80A7C39CFA97}.Debug|Any CPU.Build.0 = Debug|Any CPU
		{3DAD766A-C5F4-40E1-9380-80A7C39CFA97}.Release|Any CPU.ActiveCfg = Release|Any CPU
		{3DAD766A-C5F4-40E1-9380-80A7C39CFA97}.Release|Any CPU.Build.0 = Release|Any CPU
		{3EEBB331-9902-4ED3-BB6A-B3420BEDC7E1}.Debug|Any CPU.ActiveCfg = Debug|Any CPU
		{3EEBB331-9902-4ED3-BB6A-B3420BEDC7E1}.Debug|Any CPU.Build.0 = Debug|Any CPU
		{3EEBB331-9902-4ED3-BB6A-B3420BEDC7E1}.Release|Any CPU.ActiveCfg = Release|Any CPU
		{3EEBB331-9902-4ED3-BB6A-B3420BEDC7E1}.Release|Any CPU.Build.0 = Release|Any CPU
		{C5FB0726-E7DA-4A9D-A6E3-7F0E2869F4A6}.Debug|Any CPU.ActiveCfg = Debug|Any CPU
		{C5FB0726-E7DA-4A9D-A6E3-7F0E2869F4A6}.Debug|Any CPU.Build.0 = Debug|Any CPU
		{C5FB0726-E7DA-4A9D-A6E3-7F0E2869F4A6}.Release|Any CPU.ActiveCfg = Release|Any CPU
		{C5FB0726-E7DA-4A9D-A6E3-7F0E2869F4A6}.Release|Any CPU.Build.0 = Release|Any CPU
		{793061E3-11CF-4A6C-BE97-28C8A2A6FD31}.Debug|Any CPU.ActiveCfg = Debug|Any CPU
		{793061E3-11CF-4A6C-BE97-28C8A2A6FD31}.Debug|Any CPU.Build.0 = Debug|Any CPU
		{793061E3-11CF-4A6C-BE97-28C8A2A6FD31}.Release|Any CPU.ActiveCfg = Release|Any CPU
		{793061E3-11CF-4A6C-BE97-28C8A2A6FD31}.Release|Any CPU.Build.0 = Release|Any CPU
		{1A0542BD-4A95-4BA2-A127-692120264ABB}.Debug|Any CPU.ActiveCfg = Debug|Any CPU
		{1A0542BD-4A95-4BA2-A127-692120264ABB}.Debug|Any CPU.Build.0 = Debug|Any CPU
		{1A0542BD-4A95-4BA2-A127-692120264ABB}.Release|Any CPU.ActiveCfg = Release|Any CPU
		{1A0542BD-4A95-4BA2-A127-692120264ABB}.Release|Any CPU.Build.0 = Release|Any CPU
		{9AA2AE75-C3FE-409D-A6DD-F415F839D9F4}.Debug|Any CPU.ActiveCfg = Debug|Any CPU
		{9AA2AE75-C3FE-409D-A6DD-F415F839D9F4}.Debug|Any CPU.Build.0 = Debug|Any CPU
		{9AA2AE75-C3FE-409D-A6DD-F415F839D9F4}.Release|Any CPU.ActiveCfg = Release|Any CPU
		{9AA2AE75-C3FE-409D-A6DD-F415F839D9F4}.Release|Any CPU.Build.0 = Release|Any CPU
		{36FB2C24-3BEB-488C-ABE7-83C88C209525}.Debug|Any CPU.ActiveCfg = Debug|Any CPU
		{36FB2C24-3BEB-488C-ABE7-83C88C209525}.Debug|Any CPU.Build.0 = Debug|Any CPU
		{36FB2C24-3BEB-488C-ABE7-83C88C209525}.Release|Any CPU.ActiveCfg = Release|Any CPU
		{36FB2C24-3BEB-488C-ABE7-83C88C209525}.Release|Any CPU.Build.0 = Release|Any CPU
		{4C26ED1A-D87B-42A4-B003-A3AA5633C70F}.Debug|Any CPU.ActiveCfg = Debug|Any CPU
		{4C26ED1A-D87B-42A4-B003-A3AA5633C70F}.Debug|Any CPU.Build.0 = Debug|Any CPU
		{4C26ED1A-D87B-42A4-B003-A3AA5633C70F}.Release|Any CPU.ActiveCfg = Release|Any CPU
		{4C26ED1A-D87B-42A4-B003-A3AA5633C70F}.Release|Any CPU.Build.0 = Release|Any CPU
		{1542A6AA-C365-4ADD-BC6F-B54E0A8BD555}.Debug|Any CPU.ActiveCfg = Debug|Any CPU
		{1542A6AA-C365-4ADD-BC6F-B54E0A8BD555}.Debug|Any CPU.Build.0 = Debug|Any CPU
		{1542A6AA-C365-4ADD-BC6F-B54E0A8BD555}.Release|Any CPU.ActiveCfg = Release|Any CPU
		{1542A6AA-C365-4ADD-BC6F-B54E0A8BD555}.Release|Any CPU.Build.0 = Release|Any CPU
		{780E785F-1269-4B65-B65B-669AD0DFA7DC}.Debug|Any CPU.ActiveCfg = Debug|Any CPU
		{780E785F-1269-4B65-B65B-669AD0DFA7DC}.Debug|Any CPU.Build.0 = Debug|Any CPU
		{780E785F-1269-4B65-B65B-669AD0DFA7DC}.Release|Any CPU.ActiveCfg = Release|Any CPU
		{780E785F-1269-4B65-B65B-669AD0DFA7DC}.Release|Any CPU.Build.0 = Release|Any CPU
		{660500E7-44CF-455E-BBB9-BB74DADF45F3}.Debug|Any CPU.ActiveCfg = Debug|Any CPU
		{660500E7-44CF-455E-BBB9-BB74DADF45F3}.Debug|Any CPU.Build.0 = Debug|Any CPU
		{660500E7-44CF-455E-BBB9-BB74DADF45F3}.Release|Any CPU.ActiveCfg = Release|Any CPU
		{660500E7-44CF-455E-BBB9-BB74DADF45F3}.Release|Any CPU.Build.0 = Release|Any CPU
		{564F624C-E5BE-4B7A-86D6-85EC248726DB}.Debug|Any CPU.ActiveCfg = Debug|Any CPU
		{564F624C-E5BE-4B7A-86D6-85EC248726DB}.Debug|Any CPU.Build.0 = Debug|Any CPU
		{564F624C-E5BE-4B7A-86D6-85EC248726DB}.Release|Any CPU.ActiveCfg = Release|Any CPU
		{564F624C-E5BE-4B7A-86D6-85EC248726DB}.Release|Any CPU.Build.0 = Release|Any CPU
		{4C9B8602-75DB-4F45-A1B7-9C4E09DA825B}.Debug|Any CPU.ActiveCfg = Debug|Any CPU
		{4C9B8602-75DB-4F45-A1B7-9C4E09DA825B}.Debug|Any CPU.Build.0 = Debug|Any CPU
		{4C9B8602-75DB-4F45-A1B7-9C4E09DA825B}.Release|Any CPU.ActiveCfg = Release|Any CPU
		{4C9B8602-75DB-4F45-A1B7-9C4E09DA825B}.Release|Any CPU.Build.0 = Release|Any CPU
		{519503BE-CD49-4D24-BA75-73AE4AFF351B}.Debug|Any CPU.ActiveCfg = Debug|Any CPU
		{519503BE-CD49-4D24-BA75-73AE4AFF351B}.Debug|Any CPU.Build.0 = Debug|Any CPU
		{519503BE-CD49-4D24-BA75-73AE4AFF351B}.Release|Any CPU.ActiveCfg = Release|Any CPU
		{519503BE-CD49-4D24-BA75-73AE4AFF351B}.Release|Any CPU.Build.0 = Release|Any CPU
		{7D6343DB-8BAC-443A-8708-1077CBAB1105}.Debug|Any CPU.ActiveCfg = Debug|Any CPU
		{7D6343DB-8BAC-443A-8708-1077CBAB1105}.Debug|Any CPU.Build.0 = Debug|Any CPU
		{7D6343DB-8BAC-443A-8708-1077CBAB1105}.Release|Any CPU.ActiveCfg = Release|Any CPU
		{7D6343DB-8BAC-443A-8708-1077CBAB1105}.Release|Any CPU.Build.0 = Release|Any CPU
		{41C2C6BA-5C08-42AD-878E-435C90245482}.Debug|Any CPU.ActiveCfg = Debug|Any CPU
		{41C2C6BA-5C08-42AD-878E-435C90245482}.Debug|Any CPU.Build.0 = Debug|Any CPU
		{41C2C6BA-5C08-42AD-878E-435C90245482}.Release|Any CPU.ActiveCfg = Release|Any CPU
		{41C2C6BA-5C08-42AD-878E-435C90245482}.Release|Any CPU.Build.0 = Release|Any CPU
		{6A551A0F-B98A-4C29-BB13-02B009714458}.Debug|Any CPU.ActiveCfg = Debug|Any CPU
		{6A551A0F-B98A-4C29-BB13-02B009714458}.Debug|Any CPU.Build.0 = Debug|Any CPU
		{6A551A0F-B98A-4C29-BB13-02B009714458}.Release|Any CPU.ActiveCfg = Release|Any CPU
		{6A551A0F-B98A-4C29-BB13-02B009714458}.Release|Any CPU.Build.0 = Release|Any CPU
		{E99E3947-65FD-45E7-84C1-0B87C8FC8929}.Debug|Any CPU.ActiveCfg = Debug|Any CPU
		{E99E3947-65FD-45E7-84C1-0B87C8FC8929}.Debug|Any CPU.Build.0 = Debug|Any CPU
		{E99E3947-65FD-45E7-84C1-0B87C8FC8929}.Release|Any CPU.ActiveCfg = Release|Any CPU
		{E99E3947-65FD-45E7-84C1-0B87C8FC8929}.Release|Any CPU.Build.0 = Release|Any CPU
		{1DA5B4F8-4EA2-4626-B2B4-688BF1EA4B92}.Debug|Any CPU.ActiveCfg = Debug|Any CPU
		{1DA5B4F8-4EA2-4626-B2B4-688BF1EA4B92}.Debug|Any CPU.Build.0 = Debug|Any CPU
		{1DA5B4F8-4EA2-4626-B2B4-688BF1EA4B92}.Release|Any CPU.ActiveCfg = Release|Any CPU
		{1DA5B4F8-4EA2-4626-B2B4-688BF1EA4B92}.Release|Any CPU.Build.0 = Release|Any CPU
		{E06056FF-04B2-40D6-95AF-ABD2E97FE035}.Debug|Any CPU.ActiveCfg = Debug|Any CPU
		{E06056FF-04B2-40D6-95AF-ABD2E97FE035}.Debug|Any CPU.Build.0 = Debug|Any CPU
		{E06056FF-04B2-40D6-95AF-ABD2E97FE035}.Release|Any CPU.ActiveCfg = Release|Any CPU
		{E06056FF-04B2-40D6-95AF-ABD2E97FE035}.Release|Any CPU.Build.0 = Release|Any CPU
		{CF59CD32-4545-4460-86AC-E3D54AA2429B}.Debug|Any CPU.ActiveCfg = Debug|Any CPU
		{CF59CD32-4545-4460-86AC-E3D54AA2429B}.Debug|Any CPU.Build.0 = Debug|Any CPU
		{CF59CD32-4545-4460-86AC-E3D54AA2429B}.Release|Any CPU.ActiveCfg = Release|Any CPU
		{CF59CD32-4545-4460-86AC-E3D54AA2429B}.Release|Any CPU.Build.0 = Release|Any CPU
		{6D32D576-FF95-4CC3-98F3-EE75AE485E91}.Debug|Any CPU.ActiveCfg = Debug|Any CPU
		{6D32D576-FF95-4CC3-98F3-EE75AE485E91}.Debug|Any CPU.Build.0 = Debug|Any CPU
		{6D32D576-FF95-4CC3-98F3-EE75AE485E91}.Release|Any CPU.ActiveCfg = Release|Any CPU
		{6D32D576-FF95-4CC3-98F3-EE75AE485E91}.Release|Any CPU.Build.0 = Release|Any CPU
		{40625840-9E1E-4547-89B7-213C96E67BEA}.Debug|Any CPU.ActiveCfg = Debug|Any CPU
		{40625840-9E1E-4547-89B7-213C96E67BEA}.Debug|Any CPU.Build.0 = Debug|Any CPU
		{40625840-9E1E-4547-89B7-213C96E67BEA}.Release|Any CPU.ActiveCfg = Release|Any CPU
		{40625840-9E1E-4547-89B7-213C96E67BEA}.Release|Any CPU.Build.0 = Release|Any CPU
		{0DF48EE4-3DC2-4698-925C-F774A478BB3B}.Debug|Any CPU.ActiveCfg = Debug|Any CPU
		{0DF48EE4-3DC2-4698-925C-F774A478BB3B}.Debug|Any CPU.Build.0 = Debug|Any CPU
		{0DF48EE4-3DC2-4698-925C-F774A478BB3B}.Release|Any CPU.ActiveCfg = Release|Any CPU
		{0DF48EE4-3DC2-4698-925C-F774A478BB3B}.Release|Any CPU.Build.0 = Release|Any CPU
		{E6E336E1-9452-45C9-BD88-818E8717BC50}.Debug|Any CPU.ActiveCfg = Debug|Any CPU
		{E6E336E1-9452-45C9-BD88-818E8717BC50}.Debug|Any CPU.Build.0 = Debug|Any CPU
		{E6E336E1-9452-45C9-BD88-818E8717BC50}.Release|Any CPU.ActiveCfg = Release|Any CPU
		{E6E336E1-9452-45C9-BD88-818E8717BC50}.Release|Any CPU.Build.0 = Release|Any CPU
		{81192DDB-10F6-4961-ACE0-F50DBD418A15}.Debug|Any CPU.ActiveCfg = Debug|Any CPU
		{81192DDB-10F6-4961-ACE0-F50DBD418A15}.Debug|Any CPU.Build.0 = Debug|Any CPU
		{81192DDB-10F6-4961-ACE0-F50DBD418A15}.Release|Any CPU.ActiveCfg = Release|Any CPU
		{81192DDB-10F6-4961-ACE0-F50DBD418A15}.Release|Any CPU.Build.0 = Release|Any CPU
		{1B8C28C0-B3B3-4323-811F-D2CD6DF93D8F}.Debug|Any CPU.ActiveCfg = Debug|Any CPU
		{1B8C28C0-B3B3-4323-811F-D2CD6DF93D8F}.Debug|Any CPU.Build.0 = Debug|Any CPU
		{1B8C28C0-B3B3-4323-811F-D2CD6DF93D8F}.Release|Any CPU.ActiveCfg = Release|Any CPU
		{1B8C28C0-B3B3-4323-811F-D2CD6DF93D8F}.Release|Any CPU.Build.0 = Release|Any CPU
		{3BD532B8-441F-45FE-9AF0-127CE8707CBB}.Debug|Any CPU.ActiveCfg = Debug|Any CPU
		{3BD532B8-441F-45FE-9AF0-127CE8707CBB}.Debug|Any CPU.Build.0 = Debug|Any CPU
		{3BD532B8-441F-45FE-9AF0-127CE8707CBB}.Release|Any CPU.ActiveCfg = Release|Any CPU
		{3BD532B8-441F-45FE-9AF0-127CE8707CBB}.Release|Any CPU.Build.0 = Release|Any CPU
		{20EC28B1-C207-4637-B80D-530FCF442F66}.Debug|Any CPU.ActiveCfg = Debug|Any CPU
		{20EC28B1-C207-4637-B80D-530FCF442F66}.Debug|Any CPU.Build.0 = Debug|Any CPU
		{20EC28B1-C207-4637-B80D-530FCF442F66}.Release|Any CPU.ActiveCfg = Release|Any CPU
		{20EC28B1-C207-4637-B80D-530FCF442F66}.Release|Any CPU.Build.0 = Release|Any CPU
		{A6922B85-759B-4722-BFAA-B123F7B5E189}.Debug|Any CPU.ActiveCfg = Debug|Any CPU
		{A6922B85-759B-4722-BFAA-B123F7B5E189}.Debug|Any CPU.Build.0 = Debug|Any CPU
		{A6922B85-759B-4722-BFAA-B123F7B5E189}.Release|Any CPU.ActiveCfg = Release|Any CPU
		{A6922B85-759B-4722-BFAA-B123F7B5E189}.Release|Any CPU.Build.0 = Release|Any CPU
		{B0A75493-2B6A-4CE7-A7F4-3CE13E49D5E7}.Debug|Any CPU.ActiveCfg = Debug|Any CPU
		{B0A75493-2B6A-4CE7-A7F4-3CE13E49D5E7}.Debug|Any CPU.Build.0 = Debug|Any CPU
		{B0A75493-2B6A-4CE7-A7F4-3CE13E49D5E7}.Release|Any CPU.ActiveCfg = Release|Any CPU
		{B0A75493-2B6A-4CE7-A7F4-3CE13E49D5E7}.Release|Any CPU.Build.0 = Release|Any CPU
		{DD73906A-995C-431A-9B9B-1C0DDB7340D5}.Debug|Any CPU.ActiveCfg = Debug|Any CPU
		{DD73906A-995C-431A-9B9B-1C0DDB7340D5}.Debug|Any CPU.Build.0 = Debug|Any CPU
		{DD73906A-995C-431A-9B9B-1C0DDB7340D5}.Release|Any CPU.ActiveCfg = Release|Any CPU
		{DD73906A-995C-431A-9B9B-1C0DDB7340D5}.Release|Any CPU.Build.0 = Release|Any CPU
		{BD8EEB6F-8B6D-40A3-83FC-829F88B45B4F}.Debug|Any CPU.ActiveCfg = Debug|Any CPU
		{BD8EEB6F-8B6D-40A3-83FC-829F88B45B4F}.Debug|Any CPU.Build.0 = Debug|Any CPU
		{BD8EEB6F-8B6D-40A3-83FC-829F88B45B4F}.Release|Any CPU.ActiveCfg = Release|Any CPU
		{BD8EEB6F-8B6D-40A3-83FC-829F88B45B4F}.Release|Any CPU.Build.0 = Release|Any CPU
		{CD2BD712-8D50-492C-8F22-8496FE76F288}.Debug|Any CPU.ActiveCfg = Debug|Any CPU
		{CD2BD712-8D50-492C-8F22-8496FE76F288}.Debug|Any CPU.Build.0 = Debug|Any CPU
		{CD2BD712-8D50-492C-8F22-8496FE76F288}.Release|Any CPU.ActiveCfg = Release|Any CPU
		{CD2BD712-8D50-492C-8F22-8496FE76F288}.Release|Any CPU.Build.0 = Release|Any CPU
		{E88FFC4E-38D3-4B58-988E-EBB869F9ECFB}.Debug|Any CPU.ActiveCfg = Debug|Any CPU
		{E88FFC4E-38D3-4B58-988E-EBB869F9ECFB}.Debug|Any CPU.Build.0 = Debug|Any CPU
		{E88FFC4E-38D3-4B58-988E-EBB869F9ECFB}.Release|Any CPU.ActiveCfg = Release|Any CPU
		{E88FFC4E-38D3-4B58-988E-EBB869F9ECFB}.Release|Any CPU.Build.0 = Release|Any CPU
		{1BAB76BF-7CA7-46C7-BE25-EBF96E54EE87}.Debug|Any CPU.ActiveCfg = Debug|Any CPU
		{1BAB76BF-7CA7-46C7-BE25-EBF96E54EE87}.Debug|Any CPU.Build.0 = Debug|Any CPU
		{1BAB76BF-7CA7-46C7-BE25-EBF96E54EE87}.Release|Any CPU.ActiveCfg = Release|Any CPU
		{1BAB76BF-7CA7-46C7-BE25-EBF96E54EE87}.Release|Any CPU.Build.0 = Release|Any CPU
		{727674C4-178F-412F-888E-0BB51C663FA4}.Debug|Any CPU.ActiveCfg = Debug|Any CPU
		{727674C4-178F-412F-888E-0BB51C663FA4}.Debug|Any CPU.Build.0 = Debug|Any CPU
		{727674C4-178F-412F-888E-0BB51C663FA4}.Release|Any CPU.ActiveCfg = Release|Any CPU
		{727674C4-178F-412F-888E-0BB51C663FA4}.Release|Any CPU.Build.0 = Release|Any CPU
		{3A0A2C8B-2F69-4F90-AED2-57C05C08CD80}.Debug|Any CPU.ActiveCfg = Debug|Any CPU
		{3A0A2C8B-2F69-4F90-AED2-57C05C08CD80}.Debug|Any CPU.Build.0 = Debug|Any CPU
		{3A0A2C8B-2F69-4F90-AED2-57C05C08CD80}.Release|Any CPU.ActiveCfg = Release|Any CPU
		{3A0A2C8B-2F69-4F90-AED2-57C05C08CD80}.Release|Any CPU.Build.0 = Release|Any CPU
		{393331D3-7867-4AE6-9672-0479B6866361}.Debug|Any CPU.ActiveCfg = Debug|Any CPU
		{393331D3-7867-4AE6-9672-0479B6866361}.Debug|Any CPU.Build.0 = Debug|Any CPU
		{393331D3-7867-4AE6-9672-0479B6866361}.Release|Any CPU.ActiveCfg = Release|Any CPU
		{393331D3-7867-4AE6-9672-0479B6866361}.Release|Any CPU.Build.0 = Release|Any CPU
		{CB797CBC-25F7-4474-A115-F37140F937F5}.Debug|Any CPU.ActiveCfg = Debug|Any CPU
		{CB797CBC-25F7-4474-A115-F37140F937F5}.Debug|Any CPU.Build.0 = Debug|Any CPU
		{CB797CBC-25F7-4474-A115-F37140F937F5}.Release|Any CPU.ActiveCfg = Release|Any CPU
		{CB797CBC-25F7-4474-A115-F37140F937F5}.Release|Any CPU.Build.0 = Release|Any CPU
		{7D28310A-E9F3-4369-B653-A3E4781F7CE3}.Debug|Any CPU.ActiveCfg = Debug|Any CPU
		{7D28310A-E9F3-4369-B653-A3E4781F7CE3}.Debug|Any CPU.Build.0 = Debug|Any CPU
		{7D28310A-E9F3-4369-B653-A3E4781F7CE3}.Release|Any CPU.ActiveCfg = Release|Any CPU
		{7D28310A-E9F3-4369-B653-A3E4781F7CE3}.Release|Any CPU.Build.0 = Release|Any CPU
		{AD516F90-B486-47A5-8FCB-B767CA786350}.Debug|Any CPU.ActiveCfg = Debug|Any CPU
		{AD516F90-B486-47A5-8FCB-B767CA786350}.Debug|Any CPU.Build.0 = Debug|Any CPU
		{AD516F90-B486-47A5-8FCB-B767CA786350}.Release|Any CPU.ActiveCfg = Release|Any CPU
		{AD516F90-B486-47A5-8FCB-B767CA786350}.Release|Any CPU.Build.0 = Release|Any CPU
		{3314EB2D-FD00-45C3-A429-11CF39ADBA41}.Debug|Any CPU.ActiveCfg = Debug|Any CPU
		{3314EB2D-FD00-45C3-A429-11CF39ADBA41}.Debug|Any CPU.Build.0 = Debug|Any CPU
		{3314EB2D-FD00-45C3-A429-11CF39ADBA41}.Release|Any CPU.ActiveCfg = Release|Any CPU
		{3314EB2D-FD00-45C3-A429-11CF39ADBA41}.Release|Any CPU.Build.0 = Release|Any CPU
		{DB6E91C0-D7BB-4F87-9F96-2E425ED0B2B7}.Debug|Any CPU.ActiveCfg = Debug|Any CPU
		{DB6E91C0-D7BB-4F87-9F96-2E425ED0B2B7}.Debug|Any CPU.Build.0 = Debug|Any CPU
		{DB6E91C0-D7BB-4F87-9F96-2E425ED0B2B7}.Release|Any CPU.ActiveCfg = Release|Any CPU
		{DB6E91C0-D7BB-4F87-9F96-2E425ED0B2B7}.Release|Any CPU.Build.0 = Release|Any CPU
		{785512C0-062D-471C-A118-D4254046A7CB}.Debug|Any CPU.ActiveCfg = Debug|Any CPU
		{785512C0-062D-471C-A118-D4254046A7CB}.Debug|Any CPU.Build.0 = Debug|Any CPU
		{785512C0-062D-471C-A118-D4254046A7CB}.Release|Any CPU.ActiveCfg = Release|Any CPU
		{785512C0-062D-471C-A118-D4254046A7CB}.Release|Any CPU.Build.0 = Release|Any CPU
		{1C93E0F2-647D-4C3A-BE77-440EC1C3C56F}.Debug|Any CPU.ActiveCfg = Debug|Any CPU
		{1C93E0F2-647D-4C3A-BE77-440EC1C3C56F}.Debug|Any CPU.Build.0 = Debug|Any CPU
		{1C93E0F2-647D-4C3A-BE77-440EC1C3C56F}.Release|Any CPU.ActiveCfg = Release|Any CPU
		{1C93E0F2-647D-4C3A-BE77-440EC1C3C56F}.Release|Any CPU.Build.0 = Release|Any CPU
		{4A8B30BC-3D59-44B4-815A-5BD2D2F8C4AB}.Debug|Any CPU.ActiveCfg = Debug|Any CPU
		{4A8B30BC-3D59-44B4-815A-5BD2D2F8C4AB}.Debug|Any CPU.Build.0 = Debug|Any CPU
		{4A8B30BC-3D59-44B4-815A-5BD2D2F8C4AB}.Release|Any CPU.ActiveCfg = Release|Any CPU
		{4A8B30BC-3D59-44B4-815A-5BD2D2F8C4AB}.Release|Any CPU.Build.0 = Release|Any CPU
		{3A92705B-8727-43FA-9921-F5324D8C524A}.Debug|Any CPU.ActiveCfg = Debug|Any CPU
		{3A92705B-8727-43FA-9921-F5324D8C524A}.Debug|Any CPU.Build.0 = Debug|Any CPU
		{3A92705B-8727-43FA-9921-F5324D8C524A}.Release|Any CPU.ActiveCfg = Release|Any CPU
		{3A92705B-8727-43FA-9921-F5324D8C524A}.Release|Any CPU.Build.0 = Release|Any CPU
		{1B4846BC-3271-4C30-83D4-A803CAA34ADD}.Debug|Any CPU.ActiveCfg = Debug|Any CPU
		{1B4846BC-3271-4C30-83D4-A803CAA34ADD}.Debug|Any CPU.Build.0 = Debug|Any CPU
		{1B4846BC-3271-4C30-83D4-A803CAA34ADD}.Release|Any CPU.ActiveCfg = Release|Any CPU
		{1B4846BC-3271-4C30-83D4-A803CAA34ADD}.Release|Any CPU.Build.0 = Release|Any CPU
		{539FF671-BBC5-447D-B0F3-8CCD9E4F6EF0}.Debug|Any CPU.ActiveCfg = Debug|Any CPU
		{539FF671-BBC5-447D-B0F3-8CCD9E4F6EF0}.Debug|Any CPU.Build.0 = Debug|Any CPU
		{539FF671-BBC5-447D-B0F3-8CCD9E4F6EF0}.Release|Any CPU.ActiveCfg = Release|Any CPU
		{539FF671-BBC5-447D-B0F3-8CCD9E4F6EF0}.Release|Any CPU.Build.0 = Release|Any CPU
		{C2330A5A-FC85-486A-9427-B317D6CA6212}.Debug|Any CPU.ActiveCfg = Debug|Any CPU
		{C2330A5A-FC85-486A-9427-B317D6CA6212}.Debug|Any CPU.Build.0 = Debug|Any CPU
		{C2330A5A-FC85-486A-9427-B317D6CA6212}.Release|Any CPU.ActiveCfg = Release|Any CPU
		{C2330A5A-FC85-486A-9427-B317D6CA6212}.Release|Any CPU.Build.0 = Release|Any CPU
		{5778B1FE-2598-46CA-BE88-E7364631F368}.Debug|Any CPU.ActiveCfg = Debug|Any CPU
		{5778B1FE-2598-46CA-BE88-E7364631F368}.Debug|Any CPU.Build.0 = Debug|Any CPU
		{5778B1FE-2598-46CA-BE88-E7364631F368}.Release|Any CPU.ActiveCfg = Release|Any CPU
		{5778B1FE-2598-46CA-BE88-E7364631F368}.Release|Any CPU.Build.0 = Release|Any CPU
		{E9985579-2BB8-476C-96B4-B2D9652D8260}.Debug|Any CPU.ActiveCfg = Debug|Any CPU
		{E9985579-2BB8-476C-96B4-B2D9652D8260}.Debug|Any CPU.Build.0 = Debug|Any CPU
		{E9985579-2BB8-476C-96B4-B2D9652D8260}.Release|Any CPU.ActiveCfg = Release|Any CPU
		{E9985579-2BB8-476C-96B4-B2D9652D8260}.Release|Any CPU.Build.0 = Release|Any CPU
		{035428D5-4A1A-44BE-ADDD-2CD9906B1511}.Debug|Any CPU.ActiveCfg = Debug|Any CPU
		{035428D5-4A1A-44BE-ADDD-2CD9906B1511}.Debug|Any CPU.Build.0 = Debug|Any CPU
		{035428D5-4A1A-44BE-ADDD-2CD9906B1511}.Release|Any CPU.ActiveCfg = Release|Any CPU
		{035428D5-4A1A-44BE-ADDD-2CD9906B1511}.Release|Any CPU.Build.0 = Release|Any CPU
		{7D9A95C3-3459-40F7-9876-34E95D9570CC}.Debug|Any CPU.ActiveCfg = Debug|Any CPU
		{7D9A95C3-3459-40F7-9876-34E95D9570CC}.Debug|Any CPU.Build.0 = Debug|Any CPU
		{7D9A95C3-3459-40F7-9876-34E95D9570CC}.Release|Any CPU.ActiveCfg = Release|Any CPU
		{7D9A95C3-3459-40F7-9876-34E95D9570CC}.Release|Any CPU.Build.0 = Release|Any CPU
		{D99C886C-1376-493D-8FFF-D7D6E29BE831}.Debug|Any CPU.ActiveCfg = Debug|Any CPU
		{D99C886C-1376-493D-8FFF-D7D6E29BE831}.Debug|Any CPU.Build.0 = Debug|Any CPU
		{D99C886C-1376-493D-8FFF-D7D6E29BE831}.Release|Any CPU.ActiveCfg = Release|Any CPU
		{D99C886C-1376-493D-8FFF-D7D6E29BE831}.Release|Any CPU.Build.0 = Release|Any CPU
		{FE40D25D-BFC6-433F-8700-84BCB203F873}.Debug|Any CPU.ActiveCfg = Debug|Any CPU
		{FE40D25D-BFC6-433F-8700-84BCB203F873}.Debug|Any CPU.Build.0 = Debug|Any CPU
		{FE40D25D-BFC6-433F-8700-84BCB203F873}.Release|Any CPU.ActiveCfg = Release|Any CPU
		{FE40D25D-BFC6-433F-8700-84BCB203F873}.Release|Any CPU.Build.0 = Release|Any CPU
		{E9B3D2A8-1BE7-4C0F-94FE-579C66999B25}.Debug|Any CPU.ActiveCfg = Debug|Any CPU
		{E9B3D2A8-1BE7-4C0F-94FE-579C66999B25}.Debug|Any CPU.Build.0 = Debug|Any CPU
		{E9B3D2A8-1BE7-4C0F-94FE-579C66999B25}.Release|Any CPU.ActiveCfg = Release|Any CPU
		{E9B3D2A8-1BE7-4C0F-94FE-579C66999B25}.Release|Any CPU.Build.0 = Release|Any CPU
		{058CF097-22DC-4869-AA1B-3D93E81324F6}.Debug|Any CPU.ActiveCfg = Debug|Any CPU
		{058CF097-22DC-4869-AA1B-3D93E81324F6}.Debug|Any CPU.Build.0 = Debug|Any CPU
		{058CF097-22DC-4869-AA1B-3D93E81324F6}.Release|Any CPU.ActiveCfg = Release|Any CPU
		{058CF097-22DC-4869-AA1B-3D93E81324F6}.Release|Any CPU.Build.0 = Release|Any CPU
		{439F62AA-78FF-4565-9424-1DE569BB66C5}.Debug|Any CPU.ActiveCfg = Debug|Any CPU
		{439F62AA-78FF-4565-9424-1DE569BB66C5}.Debug|Any CPU.Build.0 = Debug|Any CPU
		{439F62AA-78FF-4565-9424-1DE569BB66C5}.Release|Any CPU.ActiveCfg = Release|Any CPU
		{439F62AA-78FF-4565-9424-1DE569BB66C5}.Release|Any CPU.Build.0 = Release|Any CPU
		{8A8CC0A9-E051-4FAA-A108-2420666C7C75}.Debug|Any CPU.ActiveCfg = Debug|Any CPU
		{8A8CC0A9-E051-4FAA-A108-2420666C7C75}.Debug|Any CPU.Build.0 = Debug|Any CPU
		{8A8CC0A9-E051-4FAA-A108-2420666C7C75}.Release|Any CPU.ActiveCfg = Release|Any CPU
		{8A8CC0A9-E051-4FAA-A108-2420666C7C75}.Release|Any CPU.Build.0 = Release|Any CPU
		{43C5A6EC-D277-4B81-804A-FC9359B79B64}.Debug|Any CPU.ActiveCfg = Debug|Any CPU
		{43C5A6EC-D277-4B81-804A-FC9359B79B64}.Debug|Any CPU.Build.0 = Debug|Any CPU
		{43C5A6EC-D277-4B81-804A-FC9359B79B64}.Release|Any CPU.ActiveCfg = Release|Any CPU
		{43C5A6EC-D277-4B81-804A-FC9359B79B64}.Release|Any CPU.Build.0 = Release|Any CPU
		{18D371D2-495C-4499-93BA-4C381E42EB86}.Debug|Any CPU.ActiveCfg = Debug|Any CPU
		{18D371D2-495C-4499-93BA-4C381E42EB86}.Debug|Any CPU.Build.0 = Debug|Any CPU
		{18D371D2-495C-4499-93BA-4C381E42EB86}.Release|Any CPU.ActiveCfg = Release|Any CPU
		{18D371D2-495C-4499-93BA-4C381E42EB86}.Release|Any CPU.Build.0 = Release|Any CPU
		{22C259F7-B88E-4449-B77B-565B9429311F}.Debug|Any CPU.ActiveCfg = Debug|Any CPU
		{22C259F7-B88E-4449-B77B-565B9429311F}.Debug|Any CPU.Build.0 = Debug|Any CPU
		{22C259F7-B88E-4449-B77B-565B9429311F}.Release|Any CPU.ActiveCfg = Release|Any CPU
		{22C259F7-B88E-4449-B77B-565B9429311F}.Release|Any CPU.Build.0 = Release|Any CPU
		{9C6CF1DF-2320-4B3B-9534-03B9C2825652}.Debug|Any CPU.ActiveCfg = Debug|Any CPU
		{9C6CF1DF-2320-4B3B-9534-03B9C2825652}.Debug|Any CPU.Build.0 = Debug|Any CPU
		{9C6CF1DF-2320-4B3B-9534-03B9C2825652}.Release|Any CPU.ActiveCfg = Release|Any CPU
		{9C6CF1DF-2320-4B3B-9534-03B9C2825652}.Release|Any CPU.Build.0 = Release|Any CPU
		{F57A629D-7995-49A0-87C4-2895DFD3B4FD}.Debug|Any CPU.ActiveCfg = Debug|Any CPU
		{F57A629D-7995-49A0-87C4-2895DFD3B4FD}.Debug|Any CPU.Build.0 = Debug|Any CPU
		{F57A629D-7995-49A0-87C4-2895DFD3B4FD}.Release|Any CPU.ActiveCfg = Release|Any CPU
		{F57A629D-7995-49A0-87C4-2895DFD3B4FD}.Release|Any CPU.Build.0 = Release|Any CPU
		{B5CA67A1-2CAE-4AE6-B6EE-C56F52D8AC61}.Debug|Any CPU.ActiveCfg = Debug|Any CPU
		{B5CA67A1-2CAE-4AE6-B6EE-C56F52D8AC61}.Debug|Any CPU.Build.0 = Debug|Any CPU
		{B5CA67A1-2CAE-4AE6-B6EE-C56F52D8AC61}.Release|Any CPU.ActiveCfg = Release|Any CPU
		{B5CA67A1-2CAE-4AE6-B6EE-C56F52D8AC61}.Release|Any CPU.Build.0 = Release|Any CPU
		{93E39A53-AEB3-4141-8E76-6BCDD6819AA8}.Debug|Any CPU.ActiveCfg = Debug|Any CPU
		{93E39A53-AEB3-4141-8E76-6BCDD6819AA8}.Debug|Any CPU.Build.0 = Debug|Any CPU
		{93E39A53-AEB3-4141-8E76-6BCDD6819AA8}.Release|Any CPU.ActiveCfg = Release|Any CPU
		{93E39A53-AEB3-4141-8E76-6BCDD6819AA8}.Release|Any CPU.Build.0 = Release|Any CPU
		{DB89CF18-33CB-4C5A-AEF3-4B17B1E64E16}.Debug|Any CPU.ActiveCfg = Debug|Any CPU
		{DB89CF18-33CB-4C5A-AEF3-4B17B1E64E16}.Debug|Any CPU.Build.0 = Debug|Any CPU
		{DB89CF18-33CB-4C5A-AEF3-4B17B1E64E16}.Release|Any CPU.ActiveCfg = Release|Any CPU
		{DB89CF18-33CB-4C5A-AEF3-4B17B1E64E16}.Release|Any CPU.Build.0 = Release|Any CPU
		{DBBF92FC-F54F-4B96-9A69-2082FB403F27}.Debug|Any CPU.ActiveCfg = Debug|Any CPU
		{DBBF92FC-F54F-4B96-9A69-2082FB403F27}.Debug|Any CPU.Build.0 = Debug|Any CPU
		{DBBF92FC-F54F-4B96-9A69-2082FB403F27}.Release|Any CPU.ActiveCfg = Release|Any CPU
		{DBBF92FC-F54F-4B96-9A69-2082FB403F27}.Release|Any CPU.Build.0 = Release|Any CPU
		{027EDF5B-1C9F-421F-8A88-36B9EB947A61}.Debug|Any CPU.ActiveCfg = Debug|Any CPU
		{027EDF5B-1C9F-421F-8A88-36B9EB947A61}.Debug|Any CPU.Build.0 = Debug|Any CPU
		{027EDF5B-1C9F-421F-8A88-36B9EB947A61}.Release|Any CPU.ActiveCfg = Release|Any CPU
		{027EDF5B-1C9F-421F-8A88-36B9EB947A61}.Release|Any CPU.Build.0 = Release|Any CPU
		{CB97B31D-5D62-49D6-9436-6B0D776E64FA}.Debug|Any CPU.ActiveCfg = Debug|Any CPU
		{CB97B31D-5D62-49D6-9436-6B0D776E64FA}.Debug|Any CPU.Build.0 = Debug|Any CPU
		{CB97B31D-5D62-49D6-9436-6B0D776E64FA}.Release|Any CPU.ActiveCfg = Release|Any CPU
		{CB97B31D-5D62-49D6-9436-6B0D776E64FA}.Release|Any CPU.Build.0 = Release|Any CPU
		{31A73F07-F156-4995-9D3B-73283229CF15}.Debug|Any CPU.ActiveCfg = Debug|Any CPU
		{31A73F07-F156-4995-9D3B-73283229CF15}.Debug|Any CPU.Build.0 = Debug|Any CPU
		{31A73F07-F156-4995-9D3B-73283229CF15}.Release|Any CPU.ActiveCfg = Release|Any CPU
		{31A73F07-F156-4995-9D3B-73283229CF15}.Release|Any CPU.Build.0 = Release|Any CPU
		{156B8476-E96B-4480-971C-4F7017E68E5C}.Debug|Any CPU.ActiveCfg = Debug|Any CPU
		{156B8476-E96B-4480-971C-4F7017E68E5C}.Debug|Any CPU.Build.0 = Debug|Any CPU
		{156B8476-E96B-4480-971C-4F7017E68E5C}.Release|Any CPU.ActiveCfg = Release|Any CPU
		{156B8476-E96B-4480-971C-4F7017E68E5C}.Release|Any CPU.Build.0 = Release|Any CPU
		{CBB3A144-F01D-4650-91DF-3D94249FD337}.Debug|Any CPU.ActiveCfg = Debug|Any CPU
		{CBB3A144-F01D-4650-91DF-3D94249FD337}.Debug|Any CPU.Build.0 = Debug|Any CPU
		{CBB3A144-F01D-4650-91DF-3D94249FD337}.Release|Any CPU.ActiveCfg = Release|Any CPU
		{CBB3A144-F01D-4650-91DF-3D94249FD337}.Release|Any CPU.Build.0 = Release|Any CPU
		{4D49E2D5-B027-45E8-8660-C2AEE5DBA49E}.Debug|Any CPU.ActiveCfg = Debug|Any CPU
		{4D49E2D5-B027-45E8-8660-C2AEE5DBA49E}.Debug|Any CPU.Build.0 = Debug|Any CPU
		{4D49E2D5-B027-45E8-8660-C2AEE5DBA49E}.Release|Any CPU.ActiveCfg = Release|Any CPU
		{4D49E2D5-B027-45E8-8660-C2AEE5DBA49E}.Release|Any CPU.Build.0 = Release|Any CPU
		{74BF4DC9-1ABC-4977-A4BD-E9CFB626FA36}.Debug|Any CPU.ActiveCfg = Debug|Any CPU
		{74BF4DC9-1ABC-4977-A4BD-E9CFB626FA36}.Debug|Any CPU.Build.0 = Debug|Any CPU
		{74BF4DC9-1ABC-4977-A4BD-E9CFB626FA36}.Release|Any CPU.ActiveCfg = Release|Any CPU
		{74BF4DC9-1ABC-4977-A4BD-E9CFB626FA36}.Release|Any CPU.Build.0 = Release|Any CPU
		{B586FB13-4157-4776-9B6B-E73A42180F0F}.Debug|Any CPU.ActiveCfg = Debug|Any CPU
		{B586FB13-4157-4776-9B6B-E73A42180F0F}.Debug|Any CPU.Build.0 = Debug|Any CPU
		{B586FB13-4157-4776-9B6B-E73A42180F0F}.Release|Any CPU.ActiveCfg = Release|Any CPU
		{B586FB13-4157-4776-9B6B-E73A42180F0F}.Release|Any CPU.Build.0 = Release|Any CPU
		{0D15C308-2989-40AB-BCF7-0959053DA3A3}.Debug|Any CPU.ActiveCfg = Debug|Any CPU
		{0D15C308-2989-40AB-BCF7-0959053DA3A3}.Debug|Any CPU.Build.0 = Debug|Any CPU
		{0D15C308-2989-40AB-BCF7-0959053DA3A3}.Release|Any CPU.ActiveCfg = Release|Any CPU
		{0D15C308-2989-40AB-BCF7-0959053DA3A3}.Release|Any CPU.Build.0 = Release|Any CPU
		{B271BA6A-D7F2-4F0A-BEE0-DFAF0125C556}.Debug|Any CPU.ActiveCfg = Debug|Any CPU
		{B271BA6A-D7F2-4F0A-BEE0-DFAF0125C556}.Debug|Any CPU.Build.0 = Debug|Any CPU
		{B271BA6A-D7F2-4F0A-BEE0-DFAF0125C556}.Release|Any CPU.ActiveCfg = Release|Any CPU
		{B271BA6A-D7F2-4F0A-BEE0-DFAF0125C556}.Release|Any CPU.Build.0 = Release|Any CPU
		{113B2FF5-92D9-48DF-A889-CC8750AA36AA}.Debug|Any CPU.ActiveCfg = Debug|Any CPU
		{113B2FF5-92D9-48DF-A889-CC8750AA36AA}.Debug|Any CPU.Build.0 = Debug|Any CPU
		{113B2FF5-92D9-48DF-A889-CC8750AA36AA}.Release|Any CPU.ActiveCfg = Release|Any CPU
		{113B2FF5-92D9-48DF-A889-CC8750AA36AA}.Release|Any CPU.Build.0 = Release|Any CPU
		{11BDC6E1-15EC-40D7-8CD7-2EAA9B49D0DE}.Debug|Any CPU.ActiveCfg = Debug|Any CPU
		{11BDC6E1-15EC-40D7-8CD7-2EAA9B49D0DE}.Debug|Any CPU.Build.0 = Debug|Any CPU
		{11BDC6E1-15EC-40D7-8CD7-2EAA9B49D0DE}.Release|Any CPU.ActiveCfg = Release|Any CPU
		{11BDC6E1-15EC-40D7-8CD7-2EAA9B49D0DE}.Release|Any CPU.Build.0 = Release|Any CPU
		{A8D24CDA-1297-4899-ADC5-661811BF3435}.Debug|Any CPU.ActiveCfg = Debug|Any CPU
		{A8D24CDA-1297-4899-ADC5-661811BF3435}.Debug|Any CPU.Build.0 = Debug|Any CPU
		{A8D24CDA-1297-4899-ADC5-661811BF3435}.Release|Any CPU.ActiveCfg = Release|Any CPU
		{A8D24CDA-1297-4899-ADC5-661811BF3435}.Release|Any CPU.Build.0 = Release|Any CPU
		{B90991F5-4D35-448A-91BB-BED6A343231F}.Debug|Any CPU.ActiveCfg = Debug|Any CPU
		{B90991F5-4D35-448A-91BB-BED6A343231F}.Debug|Any CPU.Build.0 = Debug|Any CPU
		{B90991F5-4D35-448A-91BB-BED6A343231F}.Release|Any CPU.ActiveCfg = Release|Any CPU
		{B90991F5-4D35-448A-91BB-BED6A343231F}.Release|Any CPU.Build.0 = Release|Any CPU
		{960C72B4-3977-4180-A413-38CED8E085CF}.Debug|Any CPU.ActiveCfg = Debug|Any CPU
		{960C72B4-3977-4180-A413-38CED8E085CF}.Debug|Any CPU.Build.0 = Debug|Any CPU
		{960C72B4-3977-4180-A413-38CED8E085CF}.Release|Any CPU.ActiveCfg = Release|Any CPU
		{960C72B4-3977-4180-A413-38CED8E085CF}.Release|Any CPU.Build.0 = Release|Any CPU
		{4DD9564E-85BF-4A13-AFA3-D9F0FC2981B5}.Debug|Any CPU.ActiveCfg = Debug|Any CPU
		{4DD9564E-85BF-4A13-AFA3-D9F0FC2981B5}.Debug|Any CPU.Build.0 = Debug|Any CPU
		{4DD9564E-85BF-4A13-AFA3-D9F0FC2981B5}.Release|Any CPU.ActiveCfg = Release|Any CPU
		{4DD9564E-85BF-4A13-AFA3-D9F0FC2981B5}.Release|Any CPU.Build.0 = Release|Any CPU
		{FB0F4196-A56C-4624-8FBB-781E9C84BD82}.Debug|Any CPU.ActiveCfg = Debug|Any CPU
		{FB0F4196-A56C-4624-8FBB-781E9C84BD82}.Debug|Any CPU.Build.0 = Debug|Any CPU
		{FB0F4196-A56C-4624-8FBB-781E9C84BD82}.Release|Any CPU.ActiveCfg = Release|Any CPU
		{FB0F4196-A56C-4624-8FBB-781E9C84BD82}.Release|Any CPU.Build.0 = Release|Any CPU
		{84EDA1A0-4947-4615-883D-21BA9DE619D6}.Debug|Any CPU.ActiveCfg = Debug|Any CPU
		{84EDA1A0-4947-4615-883D-21BA9DE619D6}.Debug|Any CPU.Build.0 = Debug|Any CPU
		{84EDA1A0-4947-4615-883D-21BA9DE619D6}.Release|Any CPU.ActiveCfg = Release|Any CPU
		{84EDA1A0-4947-4615-883D-21BA9DE619D6}.Release|Any CPU.Build.0 = Release|Any CPU
	EndGlobalSection
	GlobalSection(SolutionProperties) = preSolution
		HideSolutionNode = FALSE
	EndGlobalSection
	GlobalSection(NestedProjects) = preSolution
		{78700E67-BBD3-46A7-A9D1-D20C7A6F91E3} = {714CF4CA-ABB6-4E0A-AF91-B732415AC140}
		{8A7A7D61-535B-4F7A-A215-FD1A2810473F} = {714CF4CA-ABB6-4E0A-AF91-B732415AC140}
		{BF0BDFC3-7D65-4A67-A62E-E139F7B63A78} = {714CF4CA-ABB6-4E0A-AF91-B732415AC140}
		{590CB435-5148-4204-94A6-D52C61AC1E21} = {714CF4CA-ABB6-4E0A-AF91-B732415AC140}
		{126727CB-B169-4EE8-B262-52A022F068C2} = {01B86946-EFD5-4A87-8281-15CAFD7D68F4}
		{835656CA-DBC7-4D3E-BDE1-EE2D8A1147F9} = {66CDF2C4-0992-4428-A23B-B59C64B38C11}
		{66CDF2C4-0992-4428-A23B-B59C64B38C11} = {126727CB-B169-4EE8-B262-52A022F068C2}
		{503E7AFC-B952-4EF4-971B-6079D12AD202} = {66CDF2C4-0992-4428-A23B-B59C64B38C11}
		{FE1E4729-1DD8-4BD6-8637-C0604DB6EEC6} = {66CDF2C4-0992-4428-A23B-B59C64B38C11}
		{85C6683B-2928-4F81-BC4B-FA49A5B607D6} = {66CDF2C4-0992-4428-A23B-B59C64B38C11}
		{CCE50049-197E-4459-98F0-41C27DDD0325} = {F13F38B6-950B-444F-BF87-12B8B1C867A3}
		{DA3989E9-1160-4A4E-B2E0-A27BFC0CD538} = {7745CA5A-77BE-439D-B0D6-D1C9B4497997}
		{EF7A2254-DC62-4E8A-9A32-B5C6C4B7DA81} = {7745CA5A-77BE-439D-B0D6-D1C9B4497997}
		{E0ED6A46-5A77-487F-B960-7F785A29D354} = {7745CA5A-77BE-439D-B0D6-D1C9B4497997}
		{D84CF8F0-FC5D-4C3C-A855-E493432563B5} = {7745CA5A-77BE-439D-B0D6-D1C9B4497997}
		{54E64C2E-E0BC-47E9-8F0C-F003E41496D3} = {7745CA5A-77BE-439D-B0D6-D1C9B4497997}
		{713512DB-8DDE-4C2F-A6DE-F7877CF28515} = {7745CA5A-77BE-439D-B0D6-D1C9B4497997}
		{3DAD766A-C5F4-40E1-9380-80A7C39CFA97} = {7745CA5A-77BE-439D-B0D6-D1C9B4497997}
		{3EEBB331-9902-4ED3-BB6A-B3420BEDC7E1} = {13C2BA73-A555-4536-9D95-2B586C5DC657}
		{C5FB0726-E7DA-4A9D-A6E3-7F0E2869F4A6} = {80BEA822-4CCB-4A2F-931B-170308C39A62}
		{793061E3-11CF-4A6C-BE97-28C8A2A6FD31} = {7745CA5A-77BE-439D-B0D6-D1C9B4497997}
		{1A0542BD-4A95-4BA2-A127-692120264ABB} = {B69DBCD4-C8C3-480B-980D-185119BC0ACA}
		{9AA2AE75-C3FE-409D-A6DD-F415F839D9F4} = {B69DBCD4-C8C3-480B-980D-185119BC0ACA}
		{36FB2C24-3BEB-488C-ABE7-83C88C209525} = {42E37389-C138-4007-8121-7AFCF3C40869}
		{4C26ED1A-D87B-42A4-B003-A3AA5633C70F} = {42E37389-C138-4007-8121-7AFCF3C40869}
		{1542A6AA-C365-4ADD-BC6F-B54E0A8BD555} = {42E37389-C138-4007-8121-7AFCF3C40869}
		{780E785F-1269-4B65-B65B-669AD0DFA7DC} = {42E37389-C138-4007-8121-7AFCF3C40869}
		{6CF2AE99-1DD8-4A15-9CA2-44EC1E5C164E} = {126727CB-B169-4EE8-B262-52A022F068C2}
		{660500E7-44CF-455E-BBB9-BB74DADF45F3} = {6CF2AE99-1DD8-4A15-9CA2-44EC1E5C164E}
		{564F624C-E5BE-4B7A-86D6-85EC248726DB} = {6CF2AE99-1DD8-4A15-9CA2-44EC1E5C164E}
		{519503BE-CD49-4D24-BA75-73AE4AFF351B} = {7745CA5A-77BE-439D-B0D6-D1C9B4497997}
		{7D6343DB-8BAC-443A-8708-1077CBAB1105} = {71A11A98-D45E-4530-A904-4F35272C23B8}
		{41C2C6BA-5C08-42AD-878E-435C90245482} = {66CDF2C4-0992-4428-A23B-B59C64B38C11}
		{6A551A0F-B98A-4C29-BB13-02B009714458} = {66CDF2C4-0992-4428-A23B-B59C64B38C11}
		{E99E3947-65FD-45E7-84C1-0B87C8FC8929} = {66CDF2C4-0992-4428-A23B-B59C64B38C11}
		{1DA5B4F8-4EA2-4626-B2B4-688BF1EA4B92} = {EDFBF923-3988-493C-8F21-F47EE4708A3C}
		{E06056FF-04B2-40D6-95AF-ABD2E97FE035} = {42E37389-C138-4007-8121-7AFCF3C40869}
		{CF59CD32-4545-4460-86AC-E3D54AA2429B} = {FB9D1766-A341-402B-9B20-0920AE08711F}
		{6D32D576-FF95-4CC3-98F3-EE75AE485E91} = {714CF4CA-ABB6-4E0A-AF91-B732415AC140}
		{40625840-9E1E-4547-89B7-213C96E67BEA} = {6CF2AE99-1DD8-4A15-9CA2-44EC1E5C164E}
		{0DF48EE4-3DC2-4698-925C-F774A478BB3B} = {6CF2AE99-1DD8-4A15-9CA2-44EC1E5C164E}
		{B2AFA3C7-6349-4F69-B20D-2775DE736C03} = {126727CB-B169-4EE8-B262-52A022F068C2}
		{E6E336E1-9452-45C9-BD88-818E8717BC50} = {B2AFA3C7-6349-4F69-B20D-2775DE736C03}
		{81192DDB-10F6-4961-ACE0-F50DBD418A15} = {B2AFA3C7-6349-4F69-B20D-2775DE736C03}
		{1B8C28C0-B3B3-4323-811F-D2CD6DF93D8F} = {A85867ED-AD61-4393-8523-CDC2B5A6ACAC}
		{3BD532B8-441F-45FE-9AF0-127CE8707CBB} = {01B86946-EFD5-4A87-8281-15CAFD7D68F4}
		{20EC28B1-C207-4637-B80D-530FCF442F66} = {FB9D1766-A341-402B-9B20-0920AE08711F}
		{A6922B85-759B-4722-BFAA-B123F7B5E189} = {FB9D1766-A341-402B-9B20-0920AE08711F}
		{B0A75493-2B6A-4CE7-A7F4-3CE13E49D5E7} = {01B86946-EFD5-4A87-8281-15CAFD7D68F4}
		{DD73906A-995C-431A-9B9B-1C0DDB7340D5} = {01B86946-EFD5-4A87-8281-15CAFD7D68F4}
		{BD8EEB6F-8B6D-40A3-83FC-829F88B45B4F} = {42E37389-C138-4007-8121-7AFCF3C40869}
		{CD2BD712-8D50-492C-8F22-8496FE76F288} = {FB9D1766-A341-402B-9B20-0920AE08711F}
		{E88FFC4E-38D3-4B58-988E-EBB869F9ECFB} = {80BEA822-4CCB-4A2F-931B-170308C39A62}
		{1BAB76BF-7CA7-46C7-BE25-EBF96E54EE87} = {B69DBCD4-C8C3-480B-980D-185119BC0ACA}
		{727674C4-178F-412F-888E-0BB51C663FA4} = {13C2BA73-A555-4536-9D95-2B586C5DC657}
		{3A0A2C8B-2F69-4F90-AED2-57C05C08CD80} = {13C2BA73-A555-4536-9D95-2B586C5DC657}
		{393331D3-7867-4AE6-9672-0479B6866361} = {F13F38B6-950B-444F-BF87-12B8B1C867A3}
		{CB797CBC-25F7-4474-A115-F37140F937F5} = {FB9D1766-A341-402B-9B20-0920AE08711F}
		{7D28310A-E9F3-4369-B653-A3E4781F7CE3} = {2817F23F-8C36-4C55-A8F8-0273A5A9D9C8}
		{AD516F90-B486-47A5-8FCB-B767CA786350} = {EDFBF923-3988-493C-8F21-F47EE4708A3C}
		{3314EB2D-FD00-45C3-A429-11CF39ADBA41} = {80BEA822-4CCB-4A2F-931B-170308C39A62}
		{DB6E91C0-D7BB-4F87-9F96-2E425ED0B2B7} = {126727CB-B169-4EE8-B262-52A022F068C2}
		{785512C0-062D-471C-A118-D4254046A7CB} = {EDFBF923-3988-493C-8F21-F47EE4708A3C}
		{1C93E0F2-647D-4C3A-BE77-440EC1C3C56F} = {80BEA822-4CCB-4A2F-931B-170308C39A62}
		{4A8B30BC-3D59-44B4-815A-5BD2D2F8C4AB} = {B69DBCD4-C8C3-480B-980D-185119BC0ACA}
		{3A92705B-8727-43FA-9921-F5324D8C524A} = {80BEA822-4CCB-4A2F-931B-170308C39A62}
		{1B4846BC-3271-4C30-83D4-A803CAA34ADD} = {B69DBCD4-C8C3-480B-980D-185119BC0ACA}
		{539FF671-BBC5-447D-B0F3-8CCD9E4F6EF0} = {714CF4CA-ABB6-4E0A-AF91-B732415AC140}
		{C2330A5A-FC85-486A-9427-B317D6CA6212} = {2817F23F-8C36-4C55-A8F8-0273A5A9D9C8}
		{5778B1FE-2598-46CA-BE88-E7364631F368} = {FB9D1766-A341-402B-9B20-0920AE08711F}
		{E9985579-2BB8-476C-96B4-B2D9652D8260} = {714CF4CA-ABB6-4E0A-AF91-B732415AC140}
		{035428D5-4A1A-44BE-ADDD-2CD9906B1511} = {B69DBCD4-C8C3-480B-980D-185119BC0ACA}
		{7D9A95C3-3459-40F7-9876-34E95D9570CC} = {B69DBCD4-C8C3-480B-980D-185119BC0ACA}
		{D99C886C-1376-493D-8FFF-D7D6E29BE831} = {42E37389-C138-4007-8121-7AFCF3C40869}
		{FE40D25D-BFC6-433F-8700-84BCB203F873} = {714CF4CA-ABB6-4E0A-AF91-B732415AC140}
		{E9B3D2A8-1BE7-4C0F-94FE-579C66999B25} = {749E6D77-5F3C-4F68-8B61-0BBCF6DB3534}
		{058CF097-22DC-4869-AA1B-3D93E81324F6} = {B69DBCD4-C8C3-480B-980D-185119BC0ACA}
		{439F62AA-78FF-4565-9424-1DE569BB66C5} = {71A11A98-D45E-4530-A904-4F35272C23B8}
		{8A8CC0A9-E051-4FAA-A108-2420666C7C75} = {B69DBCD4-C8C3-480B-980D-185119BC0ACA}
		{43C5A6EC-D277-4B81-804A-FC9359B79B64} = {AEAC380A-14D3-4250-B95B-152EC8C5B660}
		{18D371D2-495C-4499-93BA-4C381E42EB86} = {7745CA5A-77BE-439D-B0D6-D1C9B4497997}
		{22C259F7-B88E-4449-B77B-565B9429311F} = {091DA5F6-958E-4757-B6AD-6AB80C247C2E}
		{9C6CF1DF-2320-4B3B-9534-03B9C2825652} = {B69DBCD4-C8C3-480B-980D-185119BC0ACA}
		{F57A629D-7995-49A0-87C4-2895DFD3B4FD} = {AEAC380A-14D3-4250-B95B-152EC8C5B660}
		{B5CA67A1-2CAE-4AE6-B6EE-C56F52D8AC61} = {714CF4CA-ABB6-4E0A-AF91-B732415AC140}
		{93E39A53-AEB3-4141-8E76-6BCDD6819AA8} = {80BEA822-4CCB-4A2F-931B-170308C39A62}
		{DB89CF18-33CB-4C5A-AEF3-4B17B1E64E16} = {FB9D1766-A341-402B-9B20-0920AE08711F}
		{DBBF92FC-F54F-4B96-9A69-2082FB403F27} = {B69DBCD4-C8C3-480B-980D-185119BC0ACA}
		{027EDF5B-1C9F-421F-8A88-36B9EB947A61} = {B69DBCD4-C8C3-480B-980D-185119BC0ACA}
		{CB97B31D-5D62-49D6-9436-6B0D776E64FA} = {82FEB3CA-DFD3-4C57-A2E7-EE28E4777428}
		{31A73F07-F156-4995-9D3B-73283229CF15} = {01B86946-EFD5-4A87-8281-15CAFD7D68F4}
		{156B8476-E96B-4480-971C-4F7017E68E5C} = {B69DBCD4-C8C3-480B-980D-185119BC0ACA}
		{CBB3A144-F01D-4650-91DF-3D94249FD337} = {B69DBCD4-C8C3-480B-980D-185119BC0ACA}
		{4D49E2D5-B027-45E8-8660-C2AEE5DBA49E} = {B69DBCD4-C8C3-480B-980D-185119BC0ACA}
		{74BF4DC9-1ABC-4977-A4BD-E9CFB626FA36} = {B69DBCD4-C8C3-480B-980D-185119BC0ACA}
		{B586FB13-4157-4776-9B6B-E73A42180F0F} = {B69DBCD4-C8C3-480B-980D-185119BC0ACA}
		{0D15C308-2989-40AB-BCF7-0959053DA3A3} = {B69DBCD4-C8C3-480B-980D-185119BC0ACA}
		{B271BA6A-D7F2-4F0A-BEE0-DFAF0125C556} = {01B86946-EFD5-4A87-8281-15CAFD7D68F4}
		{113B2FF5-92D9-48DF-A889-CC8750AA36AA} = {749E6D77-5F3C-4F68-8B61-0BBCF6DB3534}
		{B9FD4757-EBEE-4F91-A146-AA4AFECAC913} = {749E6D77-5F3C-4F68-8B61-0BBCF6DB3534}
		{11BDC6E1-15EC-40D7-8CD7-2EAA9B49D0DE} = {B9FD4757-EBEE-4F91-A146-AA4AFECAC913}
		{A8D24CDA-1297-4899-ADC5-661811BF3435} = {FB9D1766-A341-402B-9B20-0920AE08711F}
		{B90991F5-4D35-448A-91BB-BED6A343231F} = {EDFBF923-3988-493C-8F21-F47EE4708A3C}
		{960C72B4-3977-4180-A413-38CED8E085CF} = {EDFBF923-3988-493C-8F21-F47EE4708A3C}
		{4DD9564E-85BF-4A13-AFA3-D9F0FC2981B5} = {01B86946-EFD5-4A87-8281-15CAFD7D68F4}
		{FB0F4196-A56C-4624-8FBB-781E9C84BD82} = {01B86946-EFD5-4A87-8281-15CAFD7D68F4}
		{84EDA1A0-4947-4615-883D-21BA9DE619D6} = {01B86946-EFD5-4A87-8281-15CAFD7D68F4}
	EndGlobalSection
	GlobalSection(ExtensibilityGlobals) = postSolution
		SolutionGuid = {7B7C2826-99F3-4B91-B2BE-8E1D6569A56E}
	EndGlobalSection
EndGlobal
