
Microsoft Visual Studio Solution File, Format Version 12.00
# Visual Studio Version 16
VisualStudioVersion = 16.0.29613.14
MinimumVisualStudioVersion = 10.0.40219.1
Project("{FAE04EC0-301F-11D3-BF4B-00C04F79EFBC}") = "VendingMachines", "VendingMachine\VendingMachines.csproj", "{8BD26EA5-4003-4A64-B1DB-5DE58AFC1B2A}"
EndProject
Project("{FAE04EC0-301F-11D3-BF4B-00C04F79EFBC}") = "EvalCalssImpls", "EvalCalssImpls\EvalCalssImpls.csproj", "{6DB527D8-C10F-4398-AF29-BC6240E1DBA1}"
EndProject
Global
	GlobalSection(SolutionConfigurationPlatforms) = preSolution
		Debug|Any CPU = Debug|Any CPU
		Release|Any CPU = Release|Any CPU
	EndGlobalSection
	GlobalSection(ProjectConfigurationPlatforms) = postSolution
		{8BD26EA5-4003-4A64-B1DB-5DE58AFC1B2A}.Debug|Any CPU.ActiveCfg = Debug|Any CPU
		{8BD26EA5-4003-4A64-B1DB-5DE58AFC1B2A}.Debug|Any CPU.Build.0 = Debug|Any CPU
		{8BD26EA5-4003-4A64-B1DB-5DE58AFC1B2A}.Release|Any CPU.ActiveCfg = Release|Any CPU
		{8BD26EA5-4003-4A64-B1DB-5DE58AFC1B2A}.Release|Any CPU.Build.0 = Release|Any CPU
		{6DB527D8-C10F-4398-AF29-BC6240E1DBA1}.Debug|Any CPU.ActiveCfg = Debug|Any CPU
		{6DB527D8-C10F-4398-AF29-BC6240E1DBA1}.Debug|Any CPU.Build.0 = Debug|Any CPU
		{6DB527D8-C10F-4398-AF29-BC6240E1DBA1}.Release|Any CPU.ActiveCfg = Release|Any CPU
		{6DB527D8-C10F-4398-AF29-BC6240E1DBA1}.Release|Any CPU.Build.0 = Release|Any CPU
	EndGlobalSection
	GlobalSection(SolutionProperties) = preSolution
		HideSolutionNode = FALSE
	EndGlobalSection
	GlobalSection(ExtensibilityGlobals) = postSolution
		SolutionGuid = {90DEFA87-DA9A-4C4B-AC58-FAE9AC446462}
	EndGlobalSection
EndGlobal
